PODS:
  - Alamofire (4.8.2)
  - CryptoSwift (1.0.0)
  - Kingfisher (4.10.1)
  - MJRefresh (3.2.0)
  - Moya/Core (11.0.2):
    - Alamofire (~> 4.1)
    - Result (~> 3.0)
  - Moya/RxSwift (11.0.2):
    - Moya/Core
    - RxSwift (~> 4.0)
  - Nocilla (0.10.0)
  - PromiseKit (6.8.4):
    - PromiseKit/CorePromise (= 6.8.4)
    - PromiseKit/Foundation (= 6.8.4)
    - PromiseKit/UIKit (= 6.8.4)
  - PromiseKit/CoreLocation (6.8.4):
    - PromiseKit/CorePromise
  - PromiseKit/CorePromise (6.8.4)
  - PromiseKit/Foundation (6.8.4):
    - PromiseKit/CorePromise
  - PromiseKit/UIKit (6.8.4):
    - PromiseKit/CorePromise
  - Result (3.2.4)
  - RxCocoa (4.5.0):
    - RxSwift (>= 4.4.2, ~> 4.4)
  - RxSwift (4.5.0)
  - SnapKit (4.0.1)
  - Spring (1.0.6)
  - SwiftyJSON (5.0.0)
  - Yoga (1.14.0)
  - YogaKit (1.14.0):
    - Yoga (~> 1.14)

DEPENDENCIES:
  - Alamofire (~> 4.7)
  - CryptoSwift
  - Kingfisher (~> 4.10.0)
  - MJRefresh
  - Moya/RxSwift (~> 11.0)
  - Nocilla (from `https://github.com/onevcat/Nocilla.git`, branch `swift4`)
  - PromiseKit (~> 6.0)
  - PromiseKit/CoreLocation
  - RxCocoa (~> 4.0)
  - SnapKit (~> 4.0.0)
  - Spring (from `https://github.com/MengTo/Spring.git`)
  - SwiftyJSON
  - YogaKit

SPEC REPOS:
  https://github.com/cocoapods/specs.git:
    - Alamofire
    - CryptoSwift
    - Kingfisher
    - MJRefresh
    - Moya
    - PromiseKit
    - Result
    - RxCocoa
    - RxSwift
    - SnapKit
    - SwiftyJSON
    - Yoga
    - YogaKit

EXTERNAL SOURCES:
  Nocilla:
    :branch: swift4
    :git: https://github.com/onevcat/Nocilla.git
  Spring:
    :git: https://github.com/MengTo/Spring.git

CHECKOUT OPTIONS:
  Nocilla:
    :commit: 9207f9ec0e84d56eed117b37a99b091677c78fe2
    :git: https://github.com/onevcat/Nocilla.git
  Spring:
    :commit: fafd0b2e8d4d46405bd86fa7ba84bb7f73a20b13
    :git: https://github.com/MengTo/Spring.git

SPEC CHECKSUMS:
  Alamofire: ae5c501addb7afdbb13687d7f2f722c78734c2d3
  CryptoSwift: d81eeaa59dc5a8d03720fe919a6fd07b51f7439f
  Kingfisher: c148cd7b47ebde9989f6bc7c27dcaa79d81279a0
  MJRefresh: ed450d6eb9d3346a2cb033ab7eb6de090aeef437
  Moya: a725035953bc1c0eb1be505ab903984501d82440
  Nocilla: c31f714d1f0a24a983c430e99a1283908ed9c1d7
  PromiseKit: 51794a832647e7b819336dc2279039ce9f1cc49b
  Result: d2d07204ce72856f1fd9130bbe42c35a7b0fea10
  RxCocoa: cbf70265dc65a981d4ac982e513c10cf23df24a0
  RxSwift: f172070dfd1a93d70a9ab97a5a01166206e1c575
  SnapKit: 0de968a9fec17499afa29683b05d0c775b6d1c29
  Spring: 3d113f14575ef79aec9c5f906dfa4f5001c03254
  SwiftyJSON: 36413e04c44ee145039d332b4f4e2d3e8d6c4db7
  Yoga: cff67a400f6b74dc38eb0bad4f156673d9aa980c
  YogaKit: 5d1dc899cecd5946e5a758a0c3997704a4b48d01

PODFILE CHECKSUM: 37645816dee1ca9d3700e4e9b85534e24260abda

COCOAPODS: 1.5.3
