// !$*UTF8*$!
{
	archiveVersion = 1;
	classes = {
	};
	objectVersion = 50;
	objects = {

/* Begin PBXBuildFile section */
		3E55152AC0EADFA8E2E3EF15 /* Pods_LCTodayNews.framework in Frameworks */ = {isa = PBXBuildFile; fileRef = 6D86AF4DAC1125117EF54439 /* Pods_LCTodayNews.framework */; };
		43015197215E05A200D3F5E6 /* LCHomeSearchInfo.swift in Sources */ = {isa = PBXBuildFile; fileRef = 43015196215E05A200D3F5E6 /* LCHomeSearchInfo.swift */; };
		43015199215E28BB00D3F5E6 /* LCHomeNews.swift in Sources */ = {isa = PBXBuildFile; fileRef = 43015198215E28BB00D3F5E6 /* LCHomeNews.swift */; };
		431CB15C21D888A900A163F2 /* LCTimeSlider.swift in Sources */ = {isa = PBXBuildFile; fileRef = 431CB15B21D888A900A163F2 /* LCTimeSlider.swift */; };
		4321AA9321BE24ED009542F3 /* LCVideoViewController.swift in Sources */ = {isa = PBXBuildFile; fileRef = 4321AA9221BE24ED009542F3 /* LCVideoViewController.swift */; };
		4321AA9721BE51D7009542F3 /* LCVideoTableViewController.swift in Sources */ = {isa = PBXBuildFile; fileRef = 4321AA9621BE51D7009542F3 /* LCVideoTableViewController.swift */; };
		4321AA9921BE5690009542F3 /* LCVideoTitleData.swift in Sources */ = {isa = PBXBuildFile; fileRef = 4321AA9821BE5690009542F3 /* LCVideoTitleData.swift */; };
		4321AA9B21BE5E73009542F3 /* LCPlayView.swift in Sources */ = {isa = PBXBuildFile; fileRef = 4321AA9A21BE5E73009542F3 /* LCPlayView.swift */; };
		4321AA9D21BE5FFC009542F3 /* LCShadeView.swift in Sources */ = {isa = PBXBuildFile; fileRef = 4321AA9C21BE5FFC009542F3 /* LCShadeView.swift */; };
		4329D76B2259A0FD00BE1812 /* LCTextKitNewsCells.swift in Sources */ = {isa = PBXBuildFile; fileRef = 4329D7692259A0FD00BE1812 /* LCTextKitNewsCells.swift */; };
		4329D76C2259A0FD00BE1812 /* LCTextKitNewsCells.xib in Resources */ = {isa = PBXBuildFile; fileRef = 4329D76A2259A0FD00BE1812 /* LCTextKitNewsCells.xib */; };
		4329D792225C347200BE1812 /* UIView+Yoga.swift in Sources */ = {isa = PBXBuildFile; fileRef = 4329D791225C347200BE1812 /* UIView+Yoga.swift */; };
		432C2CEC217048EC0097A642 /* LCTodayNewsTests.swift in Sources */ = {isa = PBXBuildFile; fileRef = 432C2CEB217048EC0097A642 /* LCTodayNewsTests.swift */; };
		4349FD5521533B5100DDB94F /* AppDelegate.swift in Sources */ = {isa = PBXBuildFile; fileRef = 4349FD5421533B5100DDB94F /* AppDelegate.swift */; };
		4349FD5A21533B5100DDB94F /* Main.storyboard in Resources */ = {isa = PBXBuildFile; fileRef = 4349FD5821533B5100DDB94F /* Main.storyboard */; };
		4349FD5F21533B5200DDB94F /* LaunchScreen.storyboard in Resources */ = {isa = PBXBuildFile; fileRef = 4349FD5D21533B5200DDB94F /* LaunchScreen.storyboard */; };
		435B1F8321534DB600A2AB3B /* LCTabBarController.swift in Sources */ = {isa = PBXBuildFile; fileRef = 435B1F8221534DB600A2AB3B /* LCTabBarController.swift */; };
		435B1F8B2153D0C700A2AB3B /* UIKit+Extension.swift in Sources */ = {isa = PBXBuildFile; fileRef = 435B1F8A2153D0C700A2AB3B /* UIKit+Extension.swift */; };
		435B1F8D2154785300A2AB3B /* LCTableViewController.swift in Sources */ = {isa = PBXBuildFile; fileRef = 435B1F8C2154785300A2AB3B /* LCTableViewController.swift */; };
		435B1F8F215479BB00A2AB3B /* LCRefresh.swift in Sources */ = {isa = PBXBuildFile; fileRef = 435B1F8E215479BB00A2AB3B /* LCRefresh.swift */; };
		435B1F9221548E3700A2AB3B /* LCDataSource.swift in Sources */ = {isa = PBXBuildFile; fileRef = 435B1F9121548E3700A2AB3B /* LCDataSource.swift */; };
		435B1F96215502C900A2AB3B /* LCHomeNewsTitle.swift in Sources */ = {isa = PBXBuildFile; fileRef = 435B1F95215502C900A2AB3B /* LCHomeNewsTitle.swift */; };
		435B1F99215516F100A2AB3B /* LCService.swift in Sources */ = {isa = PBXBuildFile; fileRef = 435B1F98215516F100A2AB3B /* LCService.swift */; };
		435B1F9B2155CC9000A2AB3B /* LCServerTool.swift in Sources */ = {isa = PBXBuildFile; fileRef = 435B1F9A2155CC9000A2AB3B /* LCServerTool.swift */; };
		435B1F9D215646E300A2AB3B /* Const.swift in Sources */ = {isa = PBXBuildFile; fileRef = 435B1F9C215646E300A2AB3B /* Const.swift */; };
		435B1FFD2156564100A2AB3B /* mkdocs.yml in Resources */ = {isa = PBXBuildFile; fileRef = 435B1F9F2156564000A2AB3B /* mkdocs.yml */; };
		435B1FFE2156564100A2AB3B /* dongtaiDetail.md in Resources */ = {isa = PBXBuildFile; fileRef = 435B1FA12156564000A2AB3B /* dongtaiDetail.md */; };
		435B1FFF2156564100A2AB3B /* wenda.md in Resources */ = {isa = PBXBuildFile; fileRef = 435B1FA22156564000A2AB3B /* wenda.md */; };
		435B20002156564100A2AB3B /* video.md in Resources */ = {isa = PBXBuildFile; fileRef = 435B1FA32156564000A2AB3B /* video.md */; };
		435B20012156564100A2AB3B /* huoshan.md in Resources */ = {isa = PBXBuildFile; fileRef = 435B1FA42156564000A2AB3B /* huoshan.md */; };
		435B20022156564100A2AB3B /* home.md in Resources */ = {isa = PBXBuildFile; fileRef = 435B1FA52156564000A2AB3B /* home.md */; };
		435B20032156564100A2AB3B /* user_detail_5.png in Resources */ = {isa = PBXBuildFile; fileRef = 435B1FA82156564000A2AB3B /* user_detail_5.png */; };
		435B20042156564100A2AB3B /* user_detail_3_night_1.jpeg in Resources */ = {isa = PBXBuildFile; fileRef = 435B1FA92156564000A2AB3B /* user_detail_3_night_1.jpeg */; };
		435B20052156564100A2AB3B /* user_detail_2.png in Resources */ = {isa = PBXBuildFile; fileRef = 435B1FAA2156564000A2AB3B /* user_detail_2.png */; };
		435B20062156564100A2AB3B /* user_detail_3.png in Resources */ = {isa = PBXBuildFile; fileRef = 435B1FAB2156564000A2AB3B /* user_detail_3.png */; };
		435B20072156564100A2AB3B /* user_detail_1.png in Resources */ = {isa = PBXBuildFile; fileRef = 435B1FAC2156564000A2AB3B /* user_detail_1.png */; };
		435B20082156564100A2AB3B /* user_detail_3_night.jpeg in Resources */ = {isa = PBXBuildFile; fileRef = 435B1FAD2156564000A2AB3B /* user_detail_3_night.jpeg */; };
		435B20092156564100A2AB3B /* user_detail_4.jpeg in Resources */ = {isa = PBXBuildFile; fileRef = 435B1FAE2156564000A2AB3B /* user_detail_4.jpeg */; };
		435B200A2156564100A2AB3B /* user_detail_3_1.png in Resources */ = {isa = PBXBuildFile; fileRef = 435B1FAF2156564000A2AB3B /* user_detail_3_1.png */; };
		435B200B2156564100A2AB3B /* user_detail_recommand.png in Resources */ = {isa = PBXBuildFile; fileRef = 435B1FB02156564000A2AB3B /* user_detail_recommand.png */; };
		435B200C2156564100A2AB3B /* 问答-一般-3小图.png in Resources */ = {isa = PBXBuildFile; fileRef = 435B1FB22156564000A2AB3B /* 问答-一般-3小图.png */; };
		435B200D2156564100A2AB3B /* 首页-无图.png in Resources */ = {isa = PBXBuildFile; fileRef = 435B1FB32156564000A2AB3B /* 首页-无图.png */; };
		435B200E2156564100A2AB3B /* 问答-一般-1小图.png in Resources */ = {isa = PBXBuildFile; fileRef = 435B1FB42156564000A2AB3B /* 问答-一般-1小图.png */; };
		435B200F2156564100A2AB3B /* 首页-视频-1小图-3.png in Resources */ = {isa = PBXBuildFile; fileRef = 435B1FB52156564000A2AB3B /* 首页-视频-1小图-3.png */; };
		435B20102156564100A2AB3B /* 首页-关注-长图-1图.png in Resources */ = {isa = PBXBuildFile; fileRef = 435B1FB62156564000A2AB3B /* 首页-关注-长图-1图.png */; };
		435B20112156564100A2AB3B /* 首页-视频-1小图-2.png in Resources */ = {isa = PBXBuildFile; fileRef = 435B1FB72156564000A2AB3B /* 首页-视频-1小图-2.png */; };
		435B20122156564100A2AB3B /* 首页-视频-1小图-1.png in Resources */ = {isa = PBXBuildFile; fileRef = 435B1FB82156564000A2AB3B /* 首页-视频-1小图-1.png */; };
		435B20132156564100A2AB3B /* 首页-一般-3小图-2.png in Resources */ = {isa = PBXBuildFile; fileRef = 435B1FB92156564000A2AB3B /* 首页-一般-3小图-2.png */; };
		435B20142156564100A2AB3B /* 广告-首页-5.png in Resources */ = {isa = PBXBuildFile; fileRef = 435B1FBA2156564000A2AB3B /* 广告-首页-5.png */; };
		435B20152156564100A2AB3B /* 广告-首页-4.png in Resources */ = {isa = PBXBuildFile; fileRef = 435B1FBB2156564000A2AB3B /* 广告-首页-4.png */; };
		435B20162156564100A2AB3B /* 首页-娱乐-头部.png in Resources */ = {isa = PBXBuildFile; fileRef = 435B1FBC2156564000A2AB3B /* 首页-娱乐-头部.png */; };
		435B20172156564100A2AB3B /* 首页-段子.png in Resources */ = {isa = PBXBuildFile; fileRef = 435B1FBD2156564000A2AB3B /* 首页-段子.png */; };
		435B20182156564100A2AB3B /* 首页-一般-3小图-1.png in Resources */ = {isa = PBXBuildFile; fileRef = 435B1FBE2156564000A2AB3B /* 首页-一般-3小图-1.png */; };
		435B20192156564100A2AB3B /* home-news-title.png in Resources */ = {isa = PBXBuildFile; fileRef = 435B1FBF2156564000A2AB3B /* home-news-title.png */; };
		435B201A2156564100A2AB3B /* 广告-首页-6.png in Resources */ = {isa = PBXBuildFile; fileRef = 435B1FC02156564000A2AB3B /* 广告-首页-6.png */; };
		435B201B2156564100A2AB3B /* 广告-首页-7.png in Resources */ = {isa = PBXBuildFile; fileRef = 435B1FC12156564000A2AB3B /* 广告-首页-7.png */; };
		435B201C2156564100A2AB3B /* 首页-关注-GIF.png in Resources */ = {isa = PBXBuildFile; fileRef = 435B1FC22156564000A2AB3B /* 首页-关注-GIF.png */; };
		435B201D2156564100A2AB3B /* 问答-视频-1大图.png in Resources */ = {isa = PBXBuildFile; fileRef = 435B1FC32156564000A2AB3B /* 问答-视频-1大图.png */; };
		435B201E2156564100A2AB3B /* 广告-首页-3.png in Resources */ = {isa = PBXBuildFile; fileRef = 435B1FC42156564000A2AB3B /* 广告-首页-3.png */; };
		435B201F2156564100A2AB3B /* 广告-首页-2.png in Resources */ = {isa = PBXBuildFile; fileRef = 435B1FC52156564000A2AB3B /* 广告-首页-2.png */; };
		435B20202156564100A2AB3B /* 首页-关注-一般-3图.png in Resources */ = {isa = PBXBuildFile; fileRef = 435B1FC62156564000A2AB3B /* 首页-关注-一般-3图.png */; };
		435B20212156564100A2AB3B /* 广告-首页-1.png in Resources */ = {isa = PBXBuildFile; fileRef = 435B1FC72156564000A2AB3B /* 广告-首页-1.png */; };
		435B20222156564100A2AB3B /* home-nav-search.png in Resources */ = {isa = PBXBuildFile; fileRef = 435B1FC82156564000A2AB3B /* home-nav-search.png */; };
		435B20232156564100A2AB3B /* 首页-1大图.png in Resources */ = {isa = PBXBuildFile; fileRef = 435B1FC92156564000A2AB3B /* 首页-1大图.png */; };
		435B20242156564100A2AB3B /* 首页-直播-1.png in Resources */ = {isa = PBXBuildFile; fileRef = 435B1FCA2156564000A2AB3B /* 首页-直播-1.png */; };
		435B20252156564100A2AB3B /* 首页-一般-4小图.png in Resources */ = {isa = PBXBuildFile; fileRef = 435B1FCB2156564000A2AB3B /* 首页-一般-4小图.png */; };
		435B20262156564100A2AB3B /* 首页-直播-2.png in Resources */ = {isa = PBXBuildFile; fileRef = 435B1FCC2156564000A2AB3B /* 首页-直播-2.png */; };
		435B20272156564100A2AB3B /* 首页-一般-10小图.png in Resources */ = {isa = PBXBuildFile; fileRef = 435B1FCD2156564000A2AB3B /* 首页-一般-10小图.png */; };
		435B20282156564100A2AB3B /* 首页-视频-1大图.png in Resources */ = {isa = PBXBuildFile; fileRef = 435B1FCE2156564000A2AB3B /* 首页-视频-1大图.png */; };
		435B20292156564100A2AB3B /* 首页-关注-视频-1小图.png in Resources */ = {isa = PBXBuildFile; fileRef = 435B1FCF2156564000A2AB3B /* 首页-关注-视频-1小图.png */; };
		435B202A2156564100A2AB3B /* 问答-一般-1大图.png in Resources */ = {isa = PBXBuildFile; fileRef = 435B1FD02156564000A2AB3B /* 问答-一般-1大图.png */; };
		435B202B2156564100A2AB3B /* 首页-关注-一般-1图.png in Resources */ = {isa = PBXBuildFile; fileRef = 435B1FD12156564000A2AB3B /* 首页-关注-一般-1图.png */; };
		435B202C2156564100A2AB3B /* 首页-关注-无图.png in Resources */ = {isa = PBXBuildFile; fileRef = 435B1FD22156564000A2AB3B /* 首页-关注-无图.png */; };
		435B202D2156564100A2AB3B /* 首页-一般-1小图.png in Resources */ = {isa = PBXBuildFile; fileRef = 435B1FD32156564000A2AB3B /* 首页-一般-1小图.png */; };
		435B202E2156564100A2AB3B /* 首页-关注-一般-6图.png in Resources */ = {isa = PBXBuildFile; fileRef = 435B1FD42156564000A2AB3B /* 首页-关注-一般-6图.png */; };
		435B202F2156564100A2AB3B /* 首页-关注-长图-3图.png in Resources */ = {isa = PBXBuildFile; fileRef = 435B1FD52156564000A2AB3B /* 首页-关注-长图-3图.png */; };
		435B20302156564100A2AB3B /* 首页明星也在用头条.png in Resources */ = {isa = PBXBuildFile; fileRef = 435B1FD62156564000A2AB3B /* 首页明星也在用头条.png */; };
		435B20312156564100A2AB3B /* video-1.jpeg in Resources */ = {isa = PBXBuildFile; fileRef = 435B1FD82156564000A2AB3B /* video-1.jpeg */; };
		435B20322156564100A2AB3B /* 视频-1.png in Resources */ = {isa = PBXBuildFile; fileRef = 435B1FD92156564000A2AB3B /* 视频-1.png */; };
		435B20332156564100A2AB3B /* 视频-2.png in Resources */ = {isa = PBXBuildFile; fileRef = 435B1FDA2156564000A2AB3B /* 视频-2.png */; };
		435B20342156564100A2AB3B /* 广告-视频-2.png in Resources */ = {isa = PBXBuildFile; fileRef = 435B1FDB2156564000A2AB3B /* 广告-视频-2.png */; };
		435B20352156564100A2AB3B /* 广告-视频-1.png in Resources */ = {isa = PBXBuildFile; fileRef = 435B1FDC2156564000A2AB3B /* 广告-视频-1.png */; };
		435B20362156564100A2AB3B /* 小视频.png in Resources */ = {isa = PBXBuildFile; fileRef = 435B1FDE2156564100A2AB3B /* 小视频.png */; };
		435B20372156564100A2AB3B /* wenda_category.jpeg in Resources */ = {isa = PBXBuildFile; fileRef = 435B1FE02156564100A2AB3B /* wenda_category.jpeg */; };
		435B20382156564100A2AB3B /* wenda_dongtai.jpeg in Resources */ = {isa = PBXBuildFile; fileRef = 435B1FE12156564100A2AB3B /* wenda_dongtai.jpeg */; };
		435B20392156564100A2AB3B /* wenda_headline.jpeg in Resources */ = {isa = PBXBuildFile; fileRef = 435B1FE22156564100A2AB3B /* wenda_headline.jpeg */; };
		435B203A2156564100A2AB3B /* mine-first-cell-1.png in Resources */ = {isa = PBXBuildFile; fileRef = 435B1FE42156564100A2AB3B /* mine-first-cell-1.png */; };
		435B203B2156564100A2AB3B /* mine-first-cell-2.png in Resources */ = {isa = PBXBuildFile; fileRef = 435B1FE52156564100A2AB3B /* mine-first-cell-2.png */; };
		435B203C2156564100A2AB3B /* mine.png in Resources */ = {isa = PBXBuildFile; fileRef = 435B1FE62156564100A2AB3B /* mine.png */; };
		435B203D2156564100A2AB3B /* mine-other-cell.png in Resources */ = {isa = PBXBuildFile; fileRef = 435B1FE72156564100A2AB3B /* mine-other-cell.png */; };
		435B203E2156564100A2AB3B /* weitoutiao_12.png in Resources */ = {isa = PBXBuildFile; fileRef = 435B1FE92156564100A2AB3B /* weitoutiao_12.png */; };
		435B203F2156564100A2AB3B /* weitoutiao_10.png in Resources */ = {isa = PBXBuildFile; fileRef = 435B1FEA2156564100A2AB3B /* weitoutiao_10.png */; };
		435B20402156564100A2AB3B /* weitoutiao_11.png in Resources */ = {isa = PBXBuildFile; fileRef = 435B1FEB2156564100A2AB3B /* weitoutiao_11.png */; };
		435B20412156564100A2AB3B /* weitoutiao_9.png in Resources */ = {isa = PBXBuildFile; fileRef = 435B1FEC2156564100A2AB3B /* weitoutiao_9.png */; };
		435B20422156564100A2AB3B /* weitoutiao_8.png in Resources */ = {isa = PBXBuildFile; fileRef = 435B1FED2156564100A2AB3B /* weitoutiao_8.png */; };
		435B20432156564100A2AB3B /* weitoutiao_1.png in Resources */ = {isa = PBXBuildFile; fileRef = 435B1FEE2156564100A2AB3B /* weitoutiao_1.png */; };
		435B20442156564100A2AB3B /* weitoutiao_3.png in Resources */ = {isa = PBXBuildFile; fileRef = 435B1FEF2156564100A2AB3B /* weitoutiao_3.png */; };
		435B20452156564100A2AB3B /* weitoutiao_2.png in Resources */ = {isa = PBXBuildFile; fileRef = 435B1FF02156564100A2AB3B /* weitoutiao_2.png */; };
		435B20462156564100A2AB3B /* weitoutiao_6.png in Resources */ = {isa = PBXBuildFile; fileRef = 435B1FF12156564100A2AB3B /* weitoutiao_6.png */; };
		435B20472156564100A2AB3B /* weitoutiao_7.png in Resources */ = {isa = PBXBuildFile; fileRef = 435B1FF22156564100A2AB3B /* weitoutiao_7.png */; };
		435B20482156564100A2AB3B /* weitoutiao_5.png in Resources */ = {isa = PBXBuildFile; fileRef = 435B1FF32156564100A2AB3B /* weitoutiao_5.png */; };
		435B20492156564100A2AB3B /* weitoutiao_4.png in Resources */ = {isa = PBXBuildFile; fileRef = 435B1FF42156564100A2AB3B /* weitoutiao_4.png */; };
		435B204A2156564100A2AB3B /* index.md in Resources */ = {isa = PBXBuildFile; fileRef = 435B1FF52156564100A2AB3B /* index.md */; };
		435B204B2156564100A2AB3B /* theme.md in Resources */ = {isa = PBXBuildFile; fileRef = 435B1FF62156564100A2AB3B /* theme.md */; };
		435B204C2156564100A2AB3B /* mine.md in Resources */ = {isa = PBXBuildFile; fileRef = 435B1FF72156564100A2AB3B /* mine.md */; };
		435B204D2156564100A2AB3B /* weitoutiao.md in Resources */ = {isa = PBXBuildFile; fileRef = 435B1FF82156564100A2AB3B /* weitoutiao.md */; };
		435B204E2156564100A2AB3B /* user_detail.md in Resources */ = {isa = PBXBuildFile; fileRef = 435B1FF92156564100A2AB3B /* user_detail.md */; };
		435B204F2156564100A2AB3B /* dongtai.md in Resources */ = {isa = PBXBuildFile; fileRef = 435B1FFA2156564100A2AB3B /* dongtai.md */; };
		435B20502156564100A2AB3B /* settings.json in Resources */ = {isa = PBXBuildFile; fileRef = 435B1FFC2156564100A2AB3B /* settings.json */; };
		436C7651216B51E40008D444 /* FuckCrash.swift in Sources */ = {isa = PBXBuildFile; fileRef = 436C7650216B51E40008D444 /* FuckCrash.swift */; };
		436C7653216B6A020008D444 /* LCTableViewRefresh.swift in Sources */ = {isa = PBXBuildFile; fileRef = 436C7652216B6A020008D444 /* LCTableViewRefresh.swift */; };
		436C7656216B8C6B0008D444 /* LCNewsCell.swift in Sources */ = {isa = PBXBuildFile; fileRef = 436C7654216B8C6B0008D444 /* LCNewsCell.swift */; };
		436C7657216B8C6B0008D444 /* LCNewsCell.xib in Resources */ = {isa = PBXBuildFile; fileRef = 436C7655216B8C6B0008D444 /* LCNewsCell.xib */; };
		436C7659216B9F4D0008D444 /* LCHomeNewsController.swift in Sources */ = {isa = PBXBuildFile; fileRef = 436C7658216B9F4D0008D444 /* LCHomeNewsController.swift */; };
		43924F63215F832500ACFD15 /* LCNavigationController.swift in Sources */ = {isa = PBXBuildFile; fileRef = 43924F62215F832500ACFD15 /* LCNavigationController.swift */; };
		439A75ED21D67317003CE187 /* LCScaleImageButton.swift in Sources */ = {isa = PBXBuildFile; fileRef = 439A75EC21D67317003CE187 /* LCScaleImageButton.swift */; };
		439A761B21D7150A003CE187 /* LCVideoPlayView.swift in Sources */ = {isa = PBXBuildFile; fileRef = 439A761A21D7150A003CE187 /* LCVideoPlayView.swift */; };
		439A761D21D7152E003CE187 /* LCVideoPlayView.xib in Resources */ = {isa = PBXBuildFile; fileRef = 439A761C21D7152E003CE187 /* LCVideoPlayView.xib */; };
		439E732721CE684600D3B493 /* LCTitleFlowLayout.swift in Sources */ = {isa = PBXBuildFile; fileRef = 439E732621CE684600D3B493 /* LCTitleFlowLayout.swift */; };
		43AE433B21BE0D2900022B41 /* LCVideoCell.swift in Sources */ = {isa = PBXBuildFile; fileRef = 43AE433921BE0D2900022B41 /* LCVideoCell.swift */; };
		43AE433C21BE0D2900022B41 /* LCVideoCell.xib in Resources */ = {isa = PBXBuildFile; fileRef = 43AE433A21BE0D2900022B41 /* LCVideoCell.xib */; };
		43C5599E21BEACF400C143B0 /* LCVideoInfo.swift in Sources */ = {isa = PBXBuildFile; fileRef = 43C5599D21BEACF400C143B0 /* LCVideoInfo.swift */; };
		43C559A421BF4FA600C143B0 /* LCCollectionViewController.swift in Sources */ = {isa = PBXBuildFile; fileRef = 43C559A321BF4FA600C143B0 /* LCCollectionViewController.swift */; };
		43C559A621BF508C00C143B0 /* LCSmallVideoViewController.swift in Sources */ = {isa = PBXBuildFile; fileRef = 43C559A521BF508C00C143B0 /* LCSmallVideoViewController.swift */; };
		43C559A921BF5A4A00C143B0 /* LCSmallVideoCell.swift in Sources */ = {isa = PBXBuildFile; fileRef = 43C559A721BF5A4A00C143B0 /* LCSmallVideoCell.swift */; };
		43C559AA21BF5A4A00C143B0 /* LCSmallVideoCell.xib in Resources */ = {isa = PBXBuildFile; fileRef = 43C559A821BF5A4A00C143B0 /* LCSmallVideoCell.xib */; };
		43C559AC21BF667200C143B0 /* AnimationController.swift in Sources */ = {isa = PBXBuildFile; fileRef = 43C559AB21BF667200C143B0 /* AnimationController.swift */; };
		43C559AE21BF66E700C143B0 /* LCSmallVideoPlayViewController.swift in Sources */ = {isa = PBXBuildFile; fileRef = 43C559AD21BF66E700C143B0 /* LCSmallVideoPlayViewController.swift */; };
		43C559B121C0D4B600C143B0 /* LCSmallVideos.swift in Sources */ = {isa = PBXBuildFile; fileRef = 43C559B021C0D4B600C143B0 /* LCSmallVideos.swift */; };
		43DEA69021C7F230001A6149 /* LCSearchResultsViewController.swift in Sources */ = {isa = PBXBuildFile; fileRef = 43DEA68F21C7F230001A6149 /* LCSearchResultsViewController.swift */; };
		43DEA6C521C8EB63001A6149 /* LCNavBarAnimation.swift in Sources */ = {isa = PBXBuildFile; fileRef = 43DEA6C021C8EB63001A6149 /* LCNavBarAnimation.swift */; };
		43DEA6C821CB3F43001A6149 /* LCPageViewController.swift in Sources */ = {isa = PBXBuildFile; fileRef = 43DEA6C721CB3F43001A6149 /* LCPageViewController.swift */; };
		43DEA6CA21CB6B80001A6149 /* LCHomeViewController.swift in Sources */ = {isa = PBXBuildFile; fileRef = 43DEA6C921CB6B80001A6149 /* LCHomeViewController.swift */; };
		43DEA6DB21CC9020001A6149 /* LCHomeTitleCell.swift in Sources */ = {isa = PBXBuildFile; fileRef = 43DEA6CC21CC9020001A6149 /* LCHomeTitleCell.swift */; };
		43DEA6DC21CC9020001A6149 /* LCHomeTitleCell.xib in Resources */ = {isa = PBXBuildFile; fileRef = 43DEA6CD21CC9020001A6149 /* LCHomeTitleCell.xib */; };
		43DEA6DD21CC9020001A6149 /* LCHomePageScrollView.swift in Sources */ = {isa = PBXBuildFile; fileRef = 43DEA6CE21CC9020001A6149 /* LCHomePageScrollView.swift */; };
		43DEA6DE21CC9020001A6149 /* LCTitleChannelCell.swift in Sources */ = {isa = PBXBuildFile; fileRef = 43DEA6D021CC9020001A6149 /* LCTitleChannelCell.swift */; };
		43DEA6DF21CC9020001A6149 /* LCTitleCell.xib in Resources */ = {isa = PBXBuildFile; fileRef = 43DEA6D121CC9020001A6149 /* LCTitleCell.xib */; };
		43DEA6E021CC9020001A6149 /* LCAllTitleView.xib in Resources */ = {isa = PBXBuildFile; fileRef = 43DEA6D221CC9020001A6149 /* LCAllTitleView.xib */; };
		43DEA6E121CC9020001A6149 /* LCTitleChannelCell.xib in Resources */ = {isa = PBXBuildFile; fileRef = 43DEA6D321CC9020001A6149 /* LCTitleChannelCell.xib */; };
		43DEA6E221CC9020001A6149 /* LCAllTitleView.swift in Sources */ = {isa = PBXBuildFile; fileRef = 43DEA6D421CC9020001A6149 /* LCAllTitleView.swift */; };
		43DEA6E321CC9020001A6149 /* LCSectionHeader.swift in Sources */ = {isa = PBXBuildFile; fileRef = 43DEA6D521CC9020001A6149 /* LCSectionHeader.swift */; };
		43DEA6E421CC9020001A6149 /* LCSectionHeader.xib in Resources */ = {isa = PBXBuildFile; fileRef = 43DEA6D621CC9020001A6149 /* LCSectionHeader.xib */; };
		43DEA6E521CC9020001A6149 /* LCTitleCell.swift in Sources */ = {isa = PBXBuildFile; fileRef = 43DEA6D721CC9020001A6149 /* LCTitleCell.swift */; };
		43DEA6E621CC9020001A6149 /* LCFakeNavBar.xib in Resources */ = {isa = PBXBuildFile; fileRef = 43DEA6D921CC9020001A6149 /* LCFakeNavBar.xib */; };
		43DEA6E721CC9020001A6149 /* LCFakeNavBar.swift in Sources */ = {isa = PBXBuildFile; fileRef = 43DEA6DA21CC9020001A6149 /* LCFakeNavBar.swift */; };
		43DEA6EB21CC90FD001A6149 /* LCKeyWordCell.swift in Sources */ = {isa = PBXBuildFile; fileRef = 43DEA6E921CC90FD001A6149 /* LCKeyWordCell.swift */; };
		43DEA6EC21CC90FD001A6149 /* LCKeyWordCell.xib in Resources */ = {isa = PBXBuildFile; fileRef = 43DEA6EA21CC90FD001A6149 /* LCKeyWordCell.xib */; };
		43DEA6EF21CCA015001A6149 /* LCkeyWordHeader.swift in Sources */ = {isa = PBXBuildFile; fileRef = 43DEA6ED21CCA015001A6149 /* LCkeyWordHeader.swift */; };
		43DEA6F021CCA015001A6149 /* LCkeyWordHeader.xib in Resources */ = {isa = PBXBuildFile; fileRef = 43DEA6EE21CCA015001A6149 /* LCkeyWordHeader.xib */; };
		43DEA6F221CCFAF1001A6149 /* LCSendView.swift in Sources */ = {isa = PBXBuildFile; fileRef = 43DEA6F121CCFAF1001A6149 /* LCSendView.swift */; };
		43DEA6F421CCFB03001A6149 /* LCSendView.xib in Resources */ = {isa = PBXBuildFile; fileRef = 43DEA6F321CCFB03001A6149 /* LCSendView.xib */; };
		43DEA6F621CD014A001A6149 /* Assets.xcassets in Resources */ = {isa = PBXBuildFile; fileRef = 43DEA6F521CD0149001A6149 /* Assets.xcassets */; };
		43DEA72121CD1EE9001A6149 /* LCLoadingView.swift in Sources */ = {isa = PBXBuildFile; fileRef = 43DEA72021CD1EE8001A6149 /* LCLoadingView.swift */; };
/* End PBXBuildFile section */

/* Begin PBXContainerItemProxy section */
		432C2CEE217048EC0097A642 /* PBXContainerItemProxy */ = {
			isa = PBXContainerItemProxy;
			containerPortal = 4349FD4921533B5100DDB94F /* Project object */;
			proxyType = 1;
			remoteGlobalIDString = 4349FD5021533B5100DDB94F;
			remoteInfo = LCTodayNews;
		};
/* End PBXContainerItemProxy section */

/* Begin PBXFileReference section */
		43015196215E05A200D3F5E6 /* LCHomeSearchInfo.swift */ = {isa = PBXFileReference; lastKnownFileType = sourcecode.swift; path = LCHomeSearchInfo.swift; sourceTree = "<group>"; };
		43015198215E28BB00D3F5E6 /* LCHomeNews.swift */ = {isa = PBXFileReference; lastKnownFileType = sourcecode.swift; path = LCHomeNews.swift; sourceTree = "<group>"; };
		431CB15B21D888A900A163F2 /* LCTimeSlider.swift */ = {isa = PBXFileReference; lastKnownFileType = sourcecode.swift; path = LCTimeSlider.swift; sourceTree = "<group>"; };
		4321AA9221BE24ED009542F3 /* LCVideoViewController.swift */ = {isa = PBXFileReference; lastKnownFileType = sourcecode.swift; path = LCVideoViewController.swift; sourceTree = "<group>"; };
		4321AA9621BE51D7009542F3 /* LCVideoTableViewController.swift */ = {isa = PBXFileReference; lastKnownFileType = sourcecode.swift; path = LCVideoTableViewController.swift; sourceTree = "<group>"; };
		4321AA9821BE5690009542F3 /* LCVideoTitleData.swift */ = {isa = PBXFileReference; lastKnownFileType = sourcecode.swift; path = LCVideoTitleData.swift; sourceTree = "<group>"; };
		4321AA9A21BE5E73009542F3 /* LCPlayView.swift */ = {isa = PBXFileReference; lastKnownFileType = sourcecode.swift; path = LCPlayView.swift; sourceTree = "<group>"; };
		4321AA9C21BE5FFC009542F3 /* LCShadeView.swift */ = {isa = PBXFileReference; lastKnownFileType = sourcecode.swift; path = LCShadeView.swift; sourceTree = "<group>"; };
		4329D7692259A0FD00BE1812 /* LCTextKitNewsCells.swift */ = {isa = PBXFileReference; lastKnownFileType = sourcecode.swift; path = LCTextKitNewsCells.swift; sourceTree = "<group>"; };
		4329D76A2259A0FD00BE1812 /* LCTextKitNewsCells.xib */ = {isa = PBXFileReference; lastKnownFileType = file.xib; path = LCTextKitNewsCells.xib; sourceTree = "<group>"; };
		4329D791225C347200BE1812 /* UIView+Yoga.swift */ = {isa = PBXFileReference; lastKnownFileType = sourcecode.swift; path = "UIView+Yoga.swift"; sourceTree = "<group>"; };
		432C2CE9217048EC0097A642 /* LCTodayNewsTests.xctest */ = {isa = PBXFileReference; explicitFileType = wrapper.cfbundle; includeInIndex = 0; path = LCTodayNewsTests.xctest; sourceTree = BUILT_PRODUCTS_DIR; };
		432C2CEB217048EC0097A642 /* LCTodayNewsTests.swift */ = {isa = PBXFileReference; lastKnownFileType = sourcecode.swift; path = LCTodayNewsTests.swift; sourceTree = "<group>"; };
		432C2CED217048EC0097A642 /* Info.plist */ = {isa = PBXFileReference; lastKnownFileType = text.plist.xml; path = Info.plist; sourceTree = "<group>"; };
		4349FD5121533B5100DDB94F /* LCTodayNews.app */ = {isa = PBXFileReference; explicitFileType = wrapper.application; includeInIndex = 0; path = LCTodayNews.app; sourceTree = BUILT_PRODUCTS_DIR; };
		4349FD5421533B5100DDB94F /* AppDelegate.swift */ = {isa = PBXFileReference; lastKnownFileType = sourcecode.swift; path = AppDelegate.swift; sourceTree = "<group>"; };
		4349FD5921533B5100DDB94F /* Base */ = {isa = PBXFileReference; lastKnownFileType = file.storyboard; name = Base; path = Base.lproj/Main.storyboard; sourceTree = "<group>"; };
		4349FD5E21533B5200DDB94F /* Base */ = {isa = PBXFileReference; lastKnownFileType = file.storyboard; name = Base; path = Base.lproj/LaunchScreen.storyboard; sourceTree = "<group>"; };
		4349FD6021533B5200DDB94F /* Info.plist */ = {isa = PBXFileReference; lastKnownFileType = text.plist.xml; path = Info.plist; sourceTree = "<group>"; };
		435B1F8221534DB600A2AB3B /* LCTabBarController.swift */ = {isa = PBXFileReference; lastKnownFileType = sourcecode.swift; path = LCTabBarController.swift; sourceTree = "<group>"; };
		435B1F8A2153D0C700A2AB3B /* UIKit+Extension.swift */ = {isa = PBXFileReference; fileEncoding = 4; lastKnownFileType = sourcecode.swift; path = "UIKit+Extension.swift"; sourceTree = "<group>"; };
		435B1F8C2154785300A2AB3B /* LCTableViewController.swift */ = {isa = PBXFileReference; lastKnownFileType = sourcecode.swift; path = LCTableViewController.swift; sourceTree = "<group>"; };
		435B1F8E215479BB00A2AB3B /* LCRefresh.swift */ = {isa = PBXFileReference; lastKnownFileType = sourcecode.swift; path = LCRefresh.swift; sourceTree = "<group>"; };
		435B1F9121548E3700A2AB3B /* LCDataSource.swift */ = {isa = PBXFileReference; lastKnownFileType = sourcecode.swift; path = LCDataSource.swift; sourceTree = "<group>"; };
		435B1F95215502C900A2AB3B /* LCHomeNewsTitle.swift */ = {isa = PBXFileReference; lastKnownFileType = sourcecode.swift; path = LCHomeNewsTitle.swift; sourceTree = "<group>"; };
		435B1F98215516F100A2AB3B /* LCService.swift */ = {isa = PBXFileReference; fileEncoding = 4; lastKnownFileType = sourcecode.swift; path = LCService.swift; sourceTree = "<group>"; };
		435B1F9A2155CC9000A2AB3B /* LCServerTool.swift */ = {isa = PBXFileReference; lastKnownFileType = sourcecode.swift; path = LCServerTool.swift; sourceTree = "<group>"; };
		435B1F9C215646E300A2AB3B /* Const.swift */ = {isa = PBXFileReference; lastKnownFileType = sourcecode.swift; path = Const.swift; sourceTree = "<group>"; };
		435B1F9F2156564000A2AB3B /* mkdocs.yml */ = {isa = PBXFileReference; fileEncoding = 4; lastKnownFileType = text; path = mkdocs.yml; sourceTree = "<group>"; };
		435B1FA12156564000A2AB3B /* dongtaiDetail.md */ = {isa = PBXFileReference; fileEncoding = 4; lastKnownFileType = net.daringfireball.markdown; path = dongtaiDetail.md; sourceTree = "<group>"; };
		435B1FA22156564000A2AB3B /* wenda.md */ = {isa = PBXFileReference; fileEncoding = 4; lastKnownFileType = net.daringfireball.markdown; path = wenda.md; sourceTree = "<group>"; };
		435B1FA32156564000A2AB3B /* video.md */ = {isa = PBXFileReference; fileEncoding = 4; lastKnownFileType = net.daringfireball.markdown; path = video.md; sourceTree = "<group>"; };
		435B1FA42156564000A2AB3B /* huoshan.md */ = {isa = PBXFileReference; fileEncoding = 4; lastKnownFileType = net.daringfireball.markdown; path = huoshan.md; sourceTree = "<group>"; };
		435B1FA52156564000A2AB3B /* home.md */ = {isa = PBXFileReference; fileEncoding = 4; lastKnownFileType = net.daringfireball.markdown; path = home.md; sourceTree = "<group>"; };
		435B1FA82156564000A2AB3B /* user_detail_5.png */ = {isa = PBXFileReference; lastKnownFileType = image.png; path = user_detail_5.png; sourceTree = "<group>"; };
		435B1FA92156564000A2AB3B /* user_detail_3_night_1.jpeg */ = {isa = PBXFileReference; lastKnownFileType = image.jpeg; path = user_detail_3_night_1.jpeg; sourceTree = "<group>"; };
		435B1FAA2156564000A2AB3B /* user_detail_2.png */ = {isa = PBXFileReference; lastKnownFileType = image.png; path = user_detail_2.png; sourceTree = "<group>"; };
		435B1FAB2156564000A2AB3B /* user_detail_3.png */ = {isa = PBXFileReference; lastKnownFileType = image.png; path = user_detail_3.png; sourceTree = "<group>"; };
		435B1FAC2156564000A2AB3B /* user_detail_1.png */ = {isa = PBXFileReference; lastKnownFileType = image.png; path = user_detail_1.png; sourceTree = "<group>"; };
		435B1FAD2156564000A2AB3B /* user_detail_3_night.jpeg */ = {isa = PBXFileReference; lastKnownFileType = image.jpeg; path = user_detail_3_night.jpeg; sourceTree = "<group>"; };
		435B1FAE2156564000A2AB3B /* user_detail_4.jpeg */ = {isa = PBXFileReference; lastKnownFileType = image.jpeg; path = user_detail_4.jpeg; sourceTree = "<group>"; };
		435B1FAF2156564000A2AB3B /* user_detail_3_1.png */ = {isa = PBXFileReference; lastKnownFileType = image.png; path = user_detail_3_1.png; sourceTree = "<group>"; };
		435B1FB02156564000A2AB3B /* user_detail_recommand.png */ = {isa = PBXFileReference; lastKnownFileType = image.png; path = user_detail_recommand.png; sourceTree = "<group>"; };
		435B1FB22156564000A2AB3B /* 问答-一般-3小图.png */ = {isa = PBXFileReference; lastKnownFileType = image.png; path = "问答-一般-3小图.png"; sourceTree = "<group>"; };
		435B1FB32156564000A2AB3B /* 首页-无图.png */ = {isa = PBXFileReference; lastKnownFileType = image.png; path = "首页-无图.png"; sourceTree = "<group>"; };
		435B1FB42156564000A2AB3B /* 问答-一般-1小图.png */ = {isa = PBXFileReference; lastKnownFileType = image.png; path = "问答-一般-1小图.png"; sourceTree = "<group>"; };
		435B1FB52156564000A2AB3B /* 首页-视频-1小图-3.png */ = {isa = PBXFileReference; lastKnownFileType = image.png; path = "首页-视频-1小图-3.png"; sourceTree = "<group>"; };
		435B1FB62156564000A2AB3B /* 首页-关注-长图-1图.png */ = {isa = PBXFileReference; lastKnownFileType = image.png; path = "首页-关注-长图-1图.png"; sourceTree = "<group>"; };
		435B1FB72156564000A2AB3B /* 首页-视频-1小图-2.png */ = {isa = PBXFileReference; lastKnownFileType = image.png; path = "首页-视频-1小图-2.png"; sourceTree = "<group>"; };
		435B1FB82156564000A2AB3B /* 首页-视频-1小图-1.png */ = {isa = PBXFileReference; lastKnownFileType = image.png; path = "首页-视频-1小图-1.png"; sourceTree = "<group>"; };
		435B1FB92156564000A2AB3B /* 首页-一般-3小图-2.png */ = {isa = PBXFileReference; lastKnownFileType = image.png; path = "首页-一般-3小图-2.png"; sourceTree = "<group>"; };
		435B1FBA2156564000A2AB3B /* 广告-首页-5.png */ = {isa = PBXFileReference; lastKnownFileType = image.png; path = "广告-首页-5.png"; sourceTree = "<group>"; };
		435B1FBB2156564000A2AB3B /* 广告-首页-4.png */ = {isa = PBXFileReference; lastKnownFileType = image.png; path = "广告-首页-4.png"; sourceTree = "<group>"; };
		435B1FBC2156564000A2AB3B /* 首页-娱乐-头部.png */ = {isa = PBXFileReference; lastKnownFileType = image.png; path = "首页-娱乐-头部.png"; sourceTree = "<group>"; };
		435B1FBD2156564000A2AB3B /* 首页-段子.png */ = {isa = PBXFileReference; lastKnownFileType = image.png; path = "首页-段子.png"; sourceTree = "<group>"; };
		435B1FBE2156564000A2AB3B /* 首页-一般-3小图-1.png */ = {isa = PBXFileReference; lastKnownFileType = image.png; path = "首页-一般-3小图-1.png"; sourceTree = "<group>"; };
		435B1FBF2156564000A2AB3B /* home-news-title.png */ = {isa = PBXFileReference; lastKnownFileType = image.png; path = "home-news-title.png"; sourceTree = "<group>"; };
		435B1FC02156564000A2AB3B /* 广告-首页-6.png */ = {isa = PBXFileReference; lastKnownFileType = image.png; path = "广告-首页-6.png"; sourceTree = "<group>"; };
		435B1FC12156564000A2AB3B /* 广告-首页-7.png */ = {isa = PBXFileReference; lastKnownFileType = image.png; path = "广告-首页-7.png"; sourceTree = "<group>"; };
		435B1FC22156564000A2AB3B /* 首页-关注-GIF.png */ = {isa = PBXFileReference; lastKnownFileType = image.png; path = "首页-关注-GIF.png"; sourceTree = "<group>"; };
		435B1FC32156564000A2AB3B /* 问答-视频-1大图.png */ = {isa = PBXFileReference; lastKnownFileType = image.png; path = "问答-视频-1大图.png"; sourceTree = "<group>"; };
		435B1FC42156564000A2AB3B /* 广告-首页-3.png */ = {isa = PBXFileReference; lastKnownFileType = image.png; path = "广告-首页-3.png"; sourceTree = "<group>"; };
		435B1FC52156564000A2AB3B /* 广告-首页-2.png */ = {isa = PBXFileReference; lastKnownFileType = image.png; path = "广告-首页-2.png"; sourceTree = "<group>"; };
		435B1FC62156564000A2AB3B /* 首页-关注-一般-3图.png */ = {isa = PBXFileReference; lastKnownFileType = image.png; path = "首页-关注-一般-3图.png"; sourceTree = "<group>"; };
		435B1FC72156564000A2AB3B /* 广告-首页-1.png */ = {isa = PBXFileReference; lastKnownFileType = image.png; path = "广告-首页-1.png"; sourceTree = "<group>"; };
		435B1FC82156564000A2AB3B /* home-nav-search.png */ = {isa = PBXFileReference; lastKnownFileType = image.png; path = "home-nav-search.png"; sourceTree = "<group>"; };
		435B1FC92156564000A2AB3B /* 首页-1大图.png */ = {isa = PBXFileReference; lastKnownFileType = image.png; path = "首页-1大图.png"; sourceTree = "<group>"; };
		435B1FCA2156564000A2AB3B /* 首页-直播-1.png */ = {isa = PBXFileReference; lastKnownFileType = image.png; path = "首页-直播-1.png"; sourceTree = "<group>"; };
		435B1FCB2156564000A2AB3B /* 首页-一般-4小图.png */ = {isa = PBXFileReference; lastKnownFileType = image.png; path = "首页-一般-4小图.png"; sourceTree = "<group>"; };
		435B1FCC2156564000A2AB3B /* 首页-直播-2.png */ = {isa = PBXFileReference; lastKnownFileType = image.png; path = "首页-直播-2.png"; sourceTree = "<group>"; };
		435B1FCD2156564000A2AB3B /* 首页-一般-10小图.png */ = {isa = PBXFileReference; lastKnownFileType = image.png; path = "首页-一般-10小图.png"; sourceTree = "<group>"; };
		435B1FCE2156564000A2AB3B /* 首页-视频-1大图.png */ = {isa = PBXFileReference; lastKnownFileType = image.png; path = "首页-视频-1大图.png"; sourceTree = "<group>"; };
		435B1FCF2156564000A2AB3B /* 首页-关注-视频-1小图.png */ = {isa = PBXFileReference; lastKnownFileType = image.png; path = "首页-关注-视频-1小图.png"; sourceTree = "<group>"; };
		435B1FD02156564000A2AB3B /* 问答-一般-1大图.png */ = {isa = PBXFileReference; lastKnownFileType = image.png; path = "问答-一般-1大图.png"; sourceTree = "<group>"; };
		435B1FD12156564000A2AB3B /* 首页-关注-一般-1图.png */ = {isa = PBXFileReference; lastKnownFileType = image.png; path = "首页-关注-一般-1图.png"; sourceTree = "<group>"; };
		435B1FD22156564000A2AB3B /* 首页-关注-无图.png */ = {isa = PBXFileReference; lastKnownFileType = image.png; path = "首页-关注-无图.png"; sourceTree = "<group>"; };
		435B1FD32156564000A2AB3B /* 首页-一般-1小图.png */ = {isa = PBXFileReference; lastKnownFileType = image.png; path = "首页-一般-1小图.png"; sourceTree = "<group>"; };
		435B1FD42156564000A2AB3B /* 首页-关注-一般-6图.png */ = {isa = PBXFileReference; lastKnownFileType = image.png; path = "首页-关注-一般-6图.png"; sourceTree = "<group>"; };
		435B1FD52156564000A2AB3B /* 首页-关注-长图-3图.png */ = {isa = PBXFileReference; lastKnownFileType = image.png; path = "首页-关注-长图-3图.png"; sourceTree = "<group>"; };
		435B1FD62156564000A2AB3B /* 首页明星也在用头条.png */ = {isa = PBXFileReference; lastKnownFileType = image.png; path = "首页明星也在用头条.png"; sourceTree = "<group>"; };
		435B1FD82156564000A2AB3B /* video-1.jpeg */ = {isa = PBXFileReference; lastKnownFileType = image.jpeg; path = "video-1.jpeg"; sourceTree = "<group>"; };
		435B1FD92156564000A2AB3B /* 视频-1.png */ = {isa = PBXFileReference; lastKnownFileType = image.png; path = "视频-1.png"; sourceTree = "<group>"; };
		435B1FDA2156564000A2AB3B /* 视频-2.png */ = {isa = PBXFileReference; lastKnownFileType = image.png; path = "视频-2.png"; sourceTree = "<group>"; };
		435B1FDB2156564000A2AB3B /* 广告-视频-2.png */ = {isa = PBXFileReference; lastKnownFileType = image.png; path = "广告-视频-2.png"; sourceTree = "<group>"; };
		435B1FDC2156564000A2AB3B /* 广告-视频-1.png */ = {isa = PBXFileReference; lastKnownFileType = image.png; path = "广告-视频-1.png"; sourceTree = "<group>"; };
		435B1FDE2156564100A2AB3B /* 小视频.png */ = {isa = PBXFileReference; lastKnownFileType = image.png; path = "小视频.png"; sourceTree = "<group>"; };
		435B1FE02156564100A2AB3B /* wenda_category.jpeg */ = {isa = PBXFileReference; lastKnownFileType = image.jpeg; path = wenda_category.jpeg; sourceTree = "<group>"; };
		435B1FE12156564100A2AB3B /* wenda_dongtai.jpeg */ = {isa = PBXFileReference; lastKnownFileType = image.jpeg; path = wenda_dongtai.jpeg; sourceTree = "<group>"; };
		435B1FE22156564100A2AB3B /* wenda_headline.jpeg */ = {isa = PBXFileReference; lastKnownFileType = image.jpeg; path = wenda_headline.jpeg; sourceTree = "<group>"; };
		435B1FE42156564100A2AB3B /* mine-first-cell-1.png */ = {isa = PBXFileReference; lastKnownFileType = image.png; path = "mine-first-cell-1.png"; sourceTree = "<group>"; };
		435B1FE52156564100A2AB3B /* mine-first-cell-2.png */ = {isa = PBXFileReference; lastKnownFileType = image.png; path = "mine-first-cell-2.png"; sourceTree = "<group>"; };
		435B1FE62156564100A2AB3B /* mine.png */ = {isa = PBXFileReference; lastKnownFileType = image.png; path = mine.png; sourceTree = "<group>"; };
		435B1FE72156564100A2AB3B /* mine-other-cell.png */ = {isa = PBXFileReference; lastKnownFileType = image.png; path = "mine-other-cell.png"; sourceTree = "<group>"; };
		435B1FE92156564100A2AB3B /* weitoutiao_12.png */ = {isa = PBXFileReference; lastKnownFileType = image.png; path = weitoutiao_12.png; sourceTree = "<group>"; };
		435B1FEA2156564100A2AB3B /* weitoutiao_10.png */ = {isa = PBXFileReference; lastKnownFileType = image.png; path = weitoutiao_10.png; sourceTree = "<group>"; };
		435B1FEB2156564100A2AB3B /* weitoutiao_11.png */ = {isa = PBXFileReference; lastKnownFileType = image.png; path = weitoutiao_11.png; sourceTree = "<group>"; };
		435B1FEC2156564100A2AB3B /* weitoutiao_9.png */ = {isa = PBXFileReference; lastKnownFileType = image.png; path = weitoutiao_9.png; sourceTree = "<group>"; };
		435B1FED2156564100A2AB3B /* weitoutiao_8.png */ = {isa = PBXFileReference; lastKnownFileType = image.png; path = weitoutiao_8.png; sourceTree = "<group>"; };
		435B1FEE2156564100A2AB3B /* weitoutiao_1.png */ = {isa = PBXFileReference; lastKnownFileType = image.png; path = weitoutiao_1.png; sourceTree = "<group>"; };
		435B1FEF2156564100A2AB3B /* weitoutiao_3.png */ = {isa = PBXFileReference; lastKnownFileType = image.png; path = weitoutiao_3.png; sourceTree = "<group>"; };
		435B1FF02156564100A2AB3B /* weitoutiao_2.png */ = {isa = PBXFileReference; lastKnownFileType = image.png; path = weitoutiao_2.png; sourceTree = "<group>"; };
		435B1FF12156564100A2AB3B /* weitoutiao_6.png */ = {isa = PBXFileReference; lastKnownFileType = image.png; path = weitoutiao_6.png; sourceTree = "<group>"; };
		435B1FF22156564100A2AB3B /* weitoutiao_7.png */ = {isa = PBXFileReference; lastKnownFileType = image.png; path = weitoutiao_7.png; sourceTree = "<group>"; };
		435B1FF32156564100A2AB3B /* weitoutiao_5.png */ = {isa = PBXFileReference; lastKnownFileType = image.png; path = weitoutiao_5.png; sourceTree = "<group>"; };
		435B1FF42156564100A2AB3B /* weitoutiao_4.png */ = {isa = PBXFileReference; lastKnownFileType = image.png; path = weitoutiao_4.png; sourceTree = "<group>"; };
		435B1FF52156564100A2AB3B /* index.md */ = {isa = PBXFileReference; fileEncoding = 4; lastKnownFileType = net.daringfireball.markdown; path = index.md; sourceTree = "<group>"; };
		435B1FF62156564100A2AB3B /* theme.md */ = {isa = PBXFileReference; fileEncoding = 4; lastKnownFileType = net.daringfireball.markdown; path = theme.md; sourceTree = "<group>"; };
		435B1FF72156564100A2AB3B /* mine.md */ = {isa = PBXFileReference; fileEncoding = 4; lastKnownFileType = net.daringfireball.markdown; path = mine.md; sourceTree = "<group>"; };
		435B1FF82156564100A2AB3B /* weitoutiao.md */ = {isa = PBXFileReference; fileEncoding = 4; lastKnownFileType = net.daringfireball.markdown; path = weitoutiao.md; sourceTree = "<group>"; };
		435B1FF92156564100A2AB3B /* user_detail.md */ = {isa = PBXFileReference; fileEncoding = 4; lastKnownFileType = net.daringfireball.markdown; path = user_detail.md; sourceTree = "<group>"; };
		435B1FFA2156564100A2AB3B /* dongtai.md */ = {isa = PBXFileReference; fileEncoding = 4; lastKnownFileType = net.daringfireball.markdown; path = dongtai.md; sourceTree = "<group>"; };
		435B1FFC2156564100A2AB3B /* settings.json */ = {isa = PBXFileReference; fileEncoding = 4; lastKnownFileType = text.json; path = settings.json; sourceTree = "<group>"; };
		436C7650216B51E40008D444 /* FuckCrash.swift */ = {isa = PBXFileReference; lastKnownFileType = sourcecode.swift; path = FuckCrash.swift; sourceTree = "<group>"; };
		436C7652216B6A020008D444 /* LCTableViewRefresh.swift */ = {isa = PBXFileReference; lastKnownFileType = sourcecode.swift; path = LCTableViewRefresh.swift; sourceTree = "<group>"; };
		436C7654216B8C6B0008D444 /* LCNewsCell.swift */ = {isa = PBXFileReference; lastKnownFileType = sourcecode.swift; path = LCNewsCell.swift; sourceTree = "<group>"; };
		436C7655216B8C6B0008D444 /* LCNewsCell.xib */ = {isa = PBXFileReference; lastKnownFileType = file.xib; path = LCNewsCell.xib; sourceTree = "<group>"; };
		436C7658216B9F4D0008D444 /* LCHomeNewsController.swift */ = {isa = PBXFileReference; lastKnownFileType = sourcecode.swift; path = LCHomeNewsController.swift; sourceTree = "<group>"; };
		43924F62215F832500ACFD15 /* LCNavigationController.swift */ = {isa = PBXFileReference; lastKnownFileType = sourcecode.swift; path = LCNavigationController.swift; sourceTree = "<group>"; };
		439A75EC21D67317003CE187 /* LCScaleImageButton.swift */ = {isa = PBXFileReference; lastKnownFileType = sourcecode.swift; path = LCScaleImageButton.swift; sourceTree = "<group>"; };
		439A761A21D7150A003CE187 /* LCVideoPlayView.swift */ = {isa = PBXFileReference; lastKnownFileType = sourcecode.swift; path = LCVideoPlayView.swift; sourceTree = "<group>"; };
		439A761C21D7152E003CE187 /* LCVideoPlayView.xib */ = {isa = PBXFileReference; lastKnownFileType = file.xib; path = LCVideoPlayView.xib; sourceTree = "<group>"; };
		439E732621CE684600D3B493 /* LCTitleFlowLayout.swift */ = {isa = PBXFileReference; lastKnownFileType = sourcecode.swift; path = LCTitleFlowLayout.swift; sourceTree = "<group>"; };
		43AE433921BE0D2900022B41 /* LCVideoCell.swift */ = {isa = PBXFileReference; lastKnownFileType = sourcecode.swift; path = LCVideoCell.swift; sourceTree = "<group>"; };
		43AE433A21BE0D2900022B41 /* LCVideoCell.xib */ = {isa = PBXFileReference; lastKnownFileType = file.xib; path = LCVideoCell.xib; sourceTree = "<group>"; };
		43C5599D21BEACF400C143B0 /* LCVideoInfo.swift */ = {isa = PBXFileReference; lastKnownFileType = sourcecode.swift; path = LCVideoInfo.swift; sourceTree = "<group>"; };
		43C559A321BF4FA600C143B0 /* LCCollectionViewController.swift */ = {isa = PBXFileReference; lastKnownFileType = sourcecode.swift; path = LCCollectionViewController.swift; sourceTree = "<group>"; };
		43C559A521BF508C00C143B0 /* LCSmallVideoViewController.swift */ = {isa = PBXFileReference; lastKnownFileType = sourcecode.swift; path = LCSmallVideoViewController.swift; sourceTree = "<group>"; };
		43C559A721BF5A4A00C143B0 /* LCSmallVideoCell.swift */ = {isa = PBXFileReference; lastKnownFileType = sourcecode.swift; path = LCSmallVideoCell.swift; sourceTree = "<group>"; };
		43C559A821BF5A4A00C143B0 /* LCSmallVideoCell.xib */ = {isa = PBXFileReference; lastKnownFileType = file.xib; path = LCSmallVideoCell.xib; sourceTree = "<group>"; };
		43C559AB21BF667200C143B0 /* AnimationController.swift */ = {isa = PBXFileReference; fileEncoding = 4; lastKnownFileType = sourcecode.swift; path = AnimationController.swift; sourceTree = "<group>"; };
		43C559AD21BF66E700C143B0 /* LCSmallVideoPlayViewController.swift */ = {isa = PBXFileReference; lastKnownFileType = sourcecode.swift; path = LCSmallVideoPlayViewController.swift; sourceTree = "<group>"; };
		43C559B021C0D4B600C143B0 /* LCSmallVideos.swift */ = {isa = PBXFileReference; lastKnownFileType = sourcecode.swift; path = LCSmallVideos.swift; sourceTree = "<group>"; };
		43DEA68F21C7F230001A6149 /* LCSearchResultsViewController.swift */ = {isa = PBXFileReference; lastKnownFileType = sourcecode.swift; path = LCSearchResultsViewController.swift; sourceTree = "<group>"; };
		43DEA6C021C8EB63001A6149 /* LCNavBarAnimation.swift */ = {isa = PBXFileReference; fileEncoding = 4; lastKnownFileType = sourcecode.swift; path = LCNavBarAnimation.swift; sourceTree = "<group>"; };
		43DEA6C721CB3F43001A6149 /* LCPageViewController.swift */ = {isa = PBXFileReference; lastKnownFileType = sourcecode.swift; path = LCPageViewController.swift; sourceTree = "<group>"; };
		43DEA6C921CB6B80001A6149 /* LCHomeViewController.swift */ = {isa = PBXFileReference; fileEncoding = 4; lastKnownFileType = sourcecode.swift; path = LCHomeViewController.swift; sourceTree = "<group>"; };
		43DEA6CC21CC9020001A6149 /* LCHomeTitleCell.swift */ = {isa = PBXFileReference; fileEncoding = 4; lastKnownFileType = sourcecode.swift; path = LCHomeTitleCell.swift; sourceTree = "<group>"; };
		43DEA6CD21CC9020001A6149 /* LCHomeTitleCell.xib */ = {isa = PBXFileReference; fileEncoding = 4; lastKnownFileType = file.xib; path = LCHomeTitleCell.xib; sourceTree = "<group>"; };
		43DEA6CE21CC9020001A6149 /* LCHomePageScrollView.swift */ = {isa = PBXFileReference; fileEncoding = 4; lastKnownFileType = sourcecode.swift; path = LCHomePageScrollView.swift; sourceTree = "<group>"; };
		43DEA6D021CC9020001A6149 /* LCTitleChannelCell.swift */ = {isa = PBXFileReference; fileEncoding = 4; lastKnownFileType = sourcecode.swift; path = LCTitleChannelCell.swift; sourceTree = "<group>"; };
		43DEA6D121CC9020001A6149 /* LCTitleCell.xib */ = {isa = PBXFileReference; fileEncoding = 4; lastKnownFileType = file.xib; path = LCTitleCell.xib; sourceTree = "<group>"; };
		43DEA6D221CC9020001A6149 /* LCAllTitleView.xib */ = {isa = PBXFileReference; fileEncoding = 4; lastKnownFileType = file.xib; path = LCAllTitleView.xib; sourceTree = "<group>"; };
		43DEA6D321CC9020001A6149 /* LCTitleChannelCell.xib */ = {isa = PBXFileReference; fileEncoding = 4; lastKnownFileType = file.xib; path = LCTitleChannelCell.xib; sourceTree = "<group>"; };
		43DEA6D421CC9020001A6149 /* LCAllTitleView.swift */ = {isa = PBXFileReference; fileEncoding = 4; lastKnownFileType = sourcecode.swift; path = LCAllTitleView.swift; sourceTree = "<group>"; };
		43DEA6D521CC9020001A6149 /* LCSectionHeader.swift */ = {isa = PBXFileReference; fileEncoding = 4; lastKnownFileType = sourcecode.swift; path = LCSectionHeader.swift; sourceTree = "<group>"; };
		43DEA6D621CC9020001A6149 /* LCSectionHeader.xib */ = {isa = PBXFileReference; fileEncoding = 4; lastKnownFileType = file.xib; path = LCSectionHeader.xib; sourceTree = "<group>"; };
		43DEA6D721CC9020001A6149 /* LCTitleCell.swift */ = {isa = PBXFileReference; fileEncoding = 4; lastKnownFileType = sourcecode.swift; path = LCTitleCell.swift; sourceTree = "<group>"; };
		43DEA6D921CC9020001A6149 /* LCFakeNavBar.xib */ = {isa = PBXFileReference; fileEncoding = 4; lastKnownFileType = file.xib; path = LCFakeNavBar.xib; sourceTree = "<group>"; };
		43DEA6DA21CC9020001A6149 /* LCFakeNavBar.swift */ = {isa = PBXFileReference; fileEncoding = 4; lastKnownFileType = sourcecode.swift; path = LCFakeNavBar.swift; sourceTree = "<group>"; };
		43DEA6E921CC90FD001A6149 /* LCKeyWordCell.swift */ = {isa = PBXFileReference; lastKnownFileType = sourcecode.swift; path = LCKeyWordCell.swift; sourceTree = "<group>"; };
		43DEA6EA21CC90FD001A6149 /* LCKeyWordCell.xib */ = {isa = PBXFileReference; lastKnownFileType = file.xib; path = LCKeyWordCell.xib; sourceTree = "<group>"; };
		43DEA6ED21CCA015001A6149 /* LCkeyWordHeader.swift */ = {isa = PBXFileReference; lastKnownFileType = sourcecode.swift; path = LCkeyWordHeader.swift; sourceTree = "<group>"; };
		43DEA6EE21CCA015001A6149 /* LCkeyWordHeader.xib */ = {isa = PBXFileReference; lastKnownFileType = file.xib; path = LCkeyWordHeader.xib; sourceTree = "<group>"; };
		43DEA6F121CCFAF1001A6149 /* LCSendView.swift */ = {isa = PBXFileReference; lastKnownFileType = sourcecode.swift; path = LCSendView.swift; sourceTree = "<group>"; };
		43DEA6F321CCFB03001A6149 /* LCSendView.xib */ = {isa = PBXFileReference; lastKnownFileType = file.xib; path = LCSendView.xib; sourceTree = "<group>"; };
		43DEA6F521CD0149001A6149 /* Assets.xcassets */ = {isa = PBXFileReference; lastKnownFileType = folder.assetcatalog; path = Assets.xcassets; sourceTree = "<group>"; };
		43DEA72021CD1EE8001A6149 /* LCLoadingView.swift */ = {isa = PBXFileReference; fileEncoding = 4; lastKnownFileType = sourcecode.swift; path = LCLoadingView.swift; sourceTree = "<group>"; };
		6D86AF4DAC1125117EF54439 /* Pods_LCTodayNews.framework */ = {isa = PBXFileReference; explicitFileType = wrapper.framework; includeInIndex = 0; path = Pods_LCTodayNews.framework; sourceTree = BUILT_PRODUCTS_DIR; };
		846FF45BBFFED82FA92FFD30 /* Pods-LCTodayNews.release.xcconfig */ = {isa = PBXFileReference; includeInIndex = 1; lastKnownFileType = text.xcconfig; name = "Pods-LCTodayNews.release.xcconfig"; path = "Pods/Target Support Files/Pods-LCTodayNews/Pods-LCTodayNews.release.xcconfig"; sourceTree = "<group>"; };
		FF1528303C91EF61AD8F45B3 /* Pods-LCTodayNews.debug.xcconfig */ = {isa = PBXFileReference; includeInIndex = 1; lastKnownFileType = text.xcconfig; name = "Pods-LCTodayNews.debug.xcconfig"; path = "Pods/Target Support Files/Pods-LCTodayNews/Pods-LCTodayNews.debug.xcconfig"; sourceTree = "<group>"; };
/* End PBXFileReference section */

/* Begin PBXFrameworksBuildPhase section */
		432C2CE6217048EC0097A642 /* Frameworks */ = {
			isa = PBXFrameworksBuildPhase;
			buildActionMask = 2147483647;
			files = (
			);
			runOnlyForDeploymentPostprocessing = 0;
		};
		4349FD4E21533B5100DDB94F /* Frameworks */ = {
			isa = PBXFrameworksBuildPhase;
			buildActionMask = 2147483647;
			files = (
				3E55152AC0EADFA8E2E3EF15 /* Pods_LCTodayNews.framework in Frameworks */,
			);
			runOnlyForDeploymentPostprocessing = 0;
		};
/* End PBXFrameworksBuildPhase section */

/* Begin PBXGroup section */
		4321AA8E21BE24B6009542F3 /* Video */ = {
			isa = PBXGroup;
			children = (
				4321AA8F21BE24B6009542F3 /* Model */,
				4321AA9021BE24B6009542F3 /* View */,
				4321AA9121BE24B6009542F3 /* ViewController */,
			);
			path = Video;
			sourceTree = "<group>";
		};
		4321AA8F21BE24B6009542F3 /* Model */ = {
			isa = PBXGroup;
			children = (
				4321AA9821BE5690009542F3 /* LCVideoTitleData.swift */,
				43C5599D21BEACF400C143B0 /* LCVideoInfo.swift */,
			);
			path = Model;
			sourceTree = "<group>";
		};
		4321AA9021BE24B6009542F3 /* View */ = {
			isa = PBXGroup;
			children = (
				43A3F63D21DF293700A67075 /* PlayView */,
				43AE433921BE0D2900022B41 /* LCVideoCell.swift */,
				43AE433A21BE0D2900022B41 /* LCVideoCell.xib */,
			);
			path = View;
			sourceTree = "<group>";
		};
		4321AA9121BE24B6009542F3 /* ViewController */ = {
			isa = PBXGroup;
			children = (
				4321AA9221BE24ED009542F3 /* LCVideoViewController.swift */,
				4321AA9621BE51D7009542F3 /* LCVideoTableViewController.swift */,
			);
			path = ViewController;
			sourceTree = "<group>";
		};
		432C2CEA217048EC0097A642 /* LCTodayNewsTests */ = {
			isa = PBXGroup;
			children = (
				432C2CEB217048EC0097A642 /* LCTodayNewsTests.swift */,
				432C2CED217048EC0097A642 /* Info.plist */,
			);
			path = LCTodayNewsTests;
			sourceTree = "<group>";
		};
		4349FD4821533B5100DDB94F = {
			isa = PBXGroup;
			children = (
				4349FD5321533B5100DDB94F /* LCTodayNews */,
				432C2CEA217048EC0097A642 /* LCTodayNewsTests */,
				4349FD5221533B5100DDB94F /* Products */,
				435B1F9E2156564000A2AB3B /* news-docs */,
				FF72EF0EF889370382FFF50A /* Pods */,
				4C624F27C1FD4F74BD88A1E4 /* Frameworks */,
			);
			sourceTree = "<group>";
		};
		4349FD5221533B5100DDB94F /* Products */ = {
			isa = PBXGroup;
			children = (
				4349FD5121533B5100DDB94F /* LCTodayNews.app */,
				432C2CE9217048EC0097A642 /* LCTodayNewsTests.xctest */,
			);
			name = Products;
			sourceTree = "<group>";
		};
		4349FD5321533B5100DDB94F /* LCTodayNews */ = {
			isa = PBXGroup;
			children = (
				43C5599F21BF4F8000C143B0 /* Small Video */,
				435B1F7E2153495D00A2AB3B /* Home */,
				4321AA8E21BE24B6009542F3 /* Video */,
				435B1F7A2153495D00A2AB3B /* Main */,
				4349FD5421533B5100DDB94F /* AppDelegate.swift */,
				4349FD5821533B5100DDB94F /* Main.storyboard */,
				43DEA6F521CD0149001A6149 /* Assets.xcassets */,
				4349FD5D21533B5200DDB94F /* LaunchScreen.storyboard */,
				4349FD6021533B5200DDB94F /* Info.plist */,
				435B1F9C215646E300A2AB3B /* Const.swift */,
			);
			path = LCTodayNews;
			sourceTree = "<group>";
		};
		435B1F7A2153495D00A2AB3B /* Main */ = {
			isa = PBXGroup;
			children = (
				435B1F97215516F100A2AB3B /* Tools */,
				435B1F9021548E1300A2AB3B /* protocol */,
				435B1F892153D0C700A2AB3B /* Extension */,
				435B1F7B2153495D00A2AB3B /* Model */,
				435B1F7C2153495D00A2AB3B /* View */,
				435B1F7D2153495D00A2AB3B /* ViewController */,
			);
			path = Main;
			sourceTree = "<group>";
		};
		435B1F7B2153495D00A2AB3B /* Model */ = {
			isa = PBXGroup;
			children = (
			);
			path = Model;
			sourceTree = "<group>";
		};
		435B1F7C2153495D00A2AB3B /* View */ = {
			isa = PBXGroup;
			children = (
				43DEA6CB21CC9020001A6149 /* PageView */,
				435B1F8E215479BB00A2AB3B /* LCRefresh.swift */,
			);
			path = View;
			sourceTree = "<group>";
		};
		435B1F7D2153495D00A2AB3B /* ViewController */ = {
			isa = PBXGroup;
			children = (
				43DEA6C721CB3F43001A6149 /* LCPageViewController.swift */,
				435B1F8221534DB600A2AB3B /* LCTabBarController.swift */,
				43924F62215F832500ACFD15 /* LCNavigationController.swift */,
			);
			path = ViewController;
			sourceTree = "<group>";
		};
		435B1F7E2153495D00A2AB3B /* Home */ = {
			isa = PBXGroup;
			children = (
				435B1F7F2153495D00A2AB3B /* Model */,
				435B1F802153495D00A2AB3B /* View */,
				435B1F812153495D00A2AB3B /* ViewController */,
			);
			path = Home;
			sourceTree = "<group>";
		};
		435B1F7F2153495D00A2AB3B /* Model */ = {
			isa = PBXGroup;
			children = (
				435B1F95215502C900A2AB3B /* LCHomeNewsTitle.swift */,
				43015196215E05A200D3F5E6 /* LCHomeSearchInfo.swift */,
				43015198215E28BB00D3F5E6 /* LCHomeNews.swift */,
			);
			path = Model;
			sourceTree = "<group>";
		};
		435B1F802153495D00A2AB3B /* View */ = {
			isa = PBXGroup;
			children = (
				43DEA6E821CC90A0001A6149 /* SearchViews */,
				43DEA6CF21CC9020001A6149 /* AllTitleViews */,
				43DEA6D821CC9020001A6149 /* FakeNavBar */,
				436C7654216B8C6B0008D444 /* LCNewsCell.swift */,
				436C7655216B8C6B0008D444 /* LCNewsCell.xib */,
				43DEA6F121CCFAF1001A6149 /* LCSendView.swift */,
				43DEA6F321CCFB03001A6149 /* LCSendView.xib */,
				43DEA72021CD1EE8001A6149 /* LCLoadingView.swift */,
				4329D7692259A0FD00BE1812 /* LCTextKitNewsCells.swift */,
				4329D76A2259A0FD00BE1812 /* LCTextKitNewsCells.xib */,
			);
			path = View;
			sourceTree = "<group>";
		};
		435B1F812153495D00A2AB3B /* ViewController */ = {
			isa = PBXGroup;
			children = (
				43DEA6C021C8EB63001A6149 /* LCNavBarAnimation.swift */,
				435B1F8C2154785300A2AB3B /* LCTableViewController.swift */,
				436C7658216B9F4D0008D444 /* LCHomeNewsController.swift */,
				43DEA6C921CB6B80001A6149 /* LCHomeViewController.swift */,
				43DEA68F21C7F230001A6149 /* LCSearchResultsViewController.swift */,
			);
			path = ViewController;
			sourceTree = "<group>";
		};
		435B1F892153D0C700A2AB3B /* Extension */ = {
			isa = PBXGroup;
			children = (
				435B1F8A2153D0C700A2AB3B /* UIKit+Extension.swift */,
				4329D791225C347200BE1812 /* UIView+Yoga.swift */,
			);
			path = Extension;
			sourceTree = "<group>";
			wrapsLines = 0;
		};
		435B1F9021548E1300A2AB3B /* protocol */ = {
			isa = PBXGroup;
			children = (
				435B1F9121548E3700A2AB3B /* LCDataSource.swift */,
				436C7652216B6A020008D444 /* LCTableViewRefresh.swift */,
				436C7650216B51E40008D444 /* FuckCrash.swift */,
			);
			path = protocol;
			sourceTree = "<group>";
		};
		435B1F97215516F100A2AB3B /* Tools */ = {
			isa = PBXGroup;
			children = (
				435B1F98215516F100A2AB3B /* LCService.swift */,
				435B1F9A2155CC9000A2AB3B /* LCServerTool.swift */,
			);
			path = Tools;
			sourceTree = "<group>";
		};
		435B1F9E2156564000A2AB3B /* news-docs */ = {
			isa = PBXGroup;
			children = (
				435B1F9F2156564000A2AB3B /* mkdocs.yml */,
				435B1FA02156564000A2AB3B /* docs */,
				435B1FFB2156564100A2AB3B /* .vscode */,
			);
			path = "news-docs";
			sourceTree = "<group>";
		};
		435B1FA02156564000A2AB3B /* docs */ = {
			isa = PBXGroup;
			children = (
				435B1FA12156564000A2AB3B /* dongtaiDetail.md */,
				435B1FA22156564000A2AB3B /* wenda.md */,
				435B1FA32156564000A2AB3B /* video.md */,
				435B1FA42156564000A2AB3B /* huoshan.md */,
				435B1FA52156564000A2AB3B /* home.md */,
				435B1FA62156564000A2AB3B /* img */,
				435B1FF52156564100A2AB3B /* index.md */,
				435B1FF62156564100A2AB3B /* theme.md */,
				435B1FF72156564100A2AB3B /* mine.md */,
				435B1FF82156564100A2AB3B /* weitoutiao.md */,
				435B1FF92156564100A2AB3B /* user_detail.md */,
				435B1FFA2156564100A2AB3B /* dongtai.md */,
			);
			path = docs;
			sourceTree = "<group>";
		};
		435B1FA62156564000A2AB3B /* img */ = {
			isa = PBXGroup;
			children = (
				435B1FA72156564000A2AB3B /* user_detail */,
				435B1FB12156564000A2AB3B /* home */,
				435B1FD72156564000A2AB3B /* video */,
				435B1FDD2156564100A2AB3B /* huoshan */,
				435B1FDF2156564100A2AB3B /* wenda */,
				435B1FE32156564100A2AB3B /* mine */,
				435B1FE82156564100A2AB3B /* weitoutiao */,
			);
			path = img;
			sourceTree = "<group>";
		};
		435B1FA72156564000A2AB3B /* user_detail */ = {
			isa = PBXGroup;
			children = (
				435B1FA82156564000A2AB3B /* user_detail_5.png */,
				435B1FA92156564000A2AB3B /* user_detail_3_night_1.jpeg */,
				435B1FAA2156564000A2AB3B /* user_detail_2.png */,
				435B1FAB2156564000A2AB3B /* user_detail_3.png */,
				435B1FAC2156564000A2AB3B /* user_detail_1.png */,
				435B1FAD2156564000A2AB3B /* user_detail_3_night.jpeg */,
				435B1FAE2156564000A2AB3B /* user_detail_4.jpeg */,
				435B1FAF2156564000A2AB3B /* user_detail_3_1.png */,
				435B1FB02156564000A2AB3B /* user_detail_recommand.png */,
			);
			path = user_detail;
			sourceTree = "<group>";
		};
		435B1FB12156564000A2AB3B /* home */ = {
			isa = PBXGroup;
			children = (
				435B1FB22156564000A2AB3B /* 问答-一般-3小图.png */,
				435B1FB32156564000A2AB3B /* 首页-无图.png */,
				435B1FB42156564000A2AB3B /* 问答-一般-1小图.png */,
				435B1FB52156564000A2AB3B /* 首页-视频-1小图-3.png */,
				435B1FB62156564000A2AB3B /* 首页-关注-长图-1图.png */,
				435B1FB72156564000A2AB3B /* 首页-视频-1小图-2.png */,
				435B1FB82156564000A2AB3B /* 首页-视频-1小图-1.png */,
				435B1FB92156564000A2AB3B /* 首页-一般-3小图-2.png */,
				435B1FBA2156564000A2AB3B /* 广告-首页-5.png */,
				435B1FBB2156564000A2AB3B /* 广告-首页-4.png */,
				435B1FBC2156564000A2AB3B /* 首页-娱乐-头部.png */,
				435B1FBD2156564000A2AB3B /* 首页-段子.png */,
				435B1FBE2156564000A2AB3B /* 首页-一般-3小图-1.png */,
				435B1FBF2156564000A2AB3B /* home-news-title.png */,
				435B1FC02156564000A2AB3B /* 广告-首页-6.png */,
				435B1FC12156564000A2AB3B /* 广告-首页-7.png */,
				435B1FC22156564000A2AB3B /* 首页-关注-GIF.png */,
				435B1FC32156564000A2AB3B /* 问答-视频-1大图.png */,
				435B1FC42156564000A2AB3B /* 广告-首页-3.png */,
				435B1FC52156564000A2AB3B /* 广告-首页-2.png */,
				435B1FC62156564000A2AB3B /* 首页-关注-一般-3图.png */,
				435B1FC72156564000A2AB3B /* 广告-首页-1.png */,
				435B1FC82156564000A2AB3B /* home-nav-search.png */,
				435B1FC92156564000A2AB3B /* 首页-1大图.png */,
				435B1FCA2156564000A2AB3B /* 首页-直播-1.png */,
				435B1FCB2156564000A2AB3B /* 首页-一般-4小图.png */,
				435B1FCC2156564000A2AB3B /* 首页-直播-2.png */,
				435B1FCD2156564000A2AB3B /* 首页-一般-10小图.png */,
				435B1FCE2156564000A2AB3B /* 首页-视频-1大图.png */,
				435B1FCF2156564000A2AB3B /* 首页-关注-视频-1小图.png */,
				435B1FD02156564000A2AB3B /* 问答-一般-1大图.png */,
				435B1FD12156564000A2AB3B /* 首页-关注-一般-1图.png */,
				435B1FD22156564000A2AB3B /* 首页-关注-无图.png */,
				435B1FD32156564000A2AB3B /* 首页-一般-1小图.png */,
				435B1FD42156564000A2AB3B /* 首页-关注-一般-6图.png */,
				435B1FD52156564000A2AB3B /* 首页-关注-长图-3图.png */,
				435B1FD62156564000A2AB3B /* 首页明星也在用头条.png */,
			);
			path = home;
			sourceTree = "<group>";
		};
		435B1FD72156564000A2AB3B /* video */ = {
			isa = PBXGroup;
			children = (
				435B1FD82156564000A2AB3B /* video-1.jpeg */,
				435B1FD92156564000A2AB3B /* 视频-1.png */,
				435B1FDA2156564000A2AB3B /* 视频-2.png */,
				435B1FDB2156564000A2AB3B /* 广告-视频-2.png */,
				435B1FDC2156564000A2AB3B /* 广告-视频-1.png */,
			);
			path = video;
			sourceTree = "<group>";
		};
		435B1FDD2156564100A2AB3B /* huoshan */ = {
			isa = PBXGroup;
			children = (
				435B1FDE2156564100A2AB3B /* 小视频.png */,
			);
			path = huoshan;
			sourceTree = "<group>";
		};
		435B1FDF2156564100A2AB3B /* wenda */ = {
			isa = PBXGroup;
			children = (
				435B1FE02156564100A2AB3B /* wenda_category.jpeg */,
				435B1FE12156564100A2AB3B /* wenda_dongtai.jpeg */,
				435B1FE22156564100A2AB3B /* wenda_headline.jpeg */,
			);
			path = wenda;
			sourceTree = "<group>";
		};
		435B1FE32156564100A2AB3B /* mine */ = {
			isa = PBXGroup;
			children = (
				435B1FE42156564100A2AB3B /* mine-first-cell-1.png */,
				435B1FE52156564100A2AB3B /* mine-first-cell-2.png */,
				435B1FE62156564100A2AB3B /* mine.png */,
				435B1FE72156564100A2AB3B /* mine-other-cell.png */,
			);
			path = mine;
			sourceTree = "<group>";
		};
		435B1FE82156564100A2AB3B /* weitoutiao */ = {
			isa = PBXGroup;
			children = (
				435B1FE92156564100A2AB3B /* weitoutiao_12.png */,
				435B1FEA2156564100A2AB3B /* weitoutiao_10.png */,
				435B1FEB2156564100A2AB3B /* weitoutiao_11.png */,
				435B1FEC2156564100A2AB3B /* weitoutiao_9.png */,
				435B1FED2156564100A2AB3B /* weitoutiao_8.png */,
				435B1FEE2156564100A2AB3B /* weitoutiao_1.png */,
				435B1FEF2156564100A2AB3B /* weitoutiao_3.png */,
				435B1FF02156564100A2AB3B /* weitoutiao_2.png */,
				435B1FF12156564100A2AB3B /* weitoutiao_6.png */,
				435B1FF22156564100A2AB3B /* weitoutiao_7.png */,
				435B1FF32156564100A2AB3B /* weitoutiao_5.png */,
				435B1FF42156564100A2AB3B /* weitoutiao_4.png */,
			);
			path = weitoutiao;
			sourceTree = "<group>";
		};
		435B1FFB2156564100A2AB3B /* .vscode */ = {
			isa = PBXGroup;
			children = (
				435B1FFC2156564100A2AB3B /* settings.json */,
			);
			path = .vscode;
			sourceTree = "<group>";
		};
		43A3F63D21DF293700A67075 /* PlayView */ = {
			isa = PBXGroup;
			children = (
				4321AA9A21BE5E73009542F3 /* LCPlayView.swift */,
				4321AA9C21BE5FFC009542F3 /* LCShadeView.swift */,
				439A75EC21D67317003CE187 /* LCScaleImageButton.swift */,
				431CB15B21D888A900A163F2 /* LCTimeSlider.swift */,
				439A761A21D7150A003CE187 /* LCVideoPlayView.swift */,
				439A761C21D7152E003CE187 /* LCVideoPlayView.xib */,
			);
			path = PlayView;
			sourceTree = "<group>";
		};
		43C5599F21BF4F8000C143B0 /* Small Video */ = {
			isa = PBXGroup;
			children = (
				43C559A021BF4F8000C143B0 /* Model */,
				43C559A121BF4F8000C143B0 /* View */,
				43C559A221BF4F8000C143B0 /* ViewController */,
			);
			path = "Small Video";
			sourceTree = "<group>";
		};
		43C559A021BF4F8000C143B0 /* Model */ = {
			isa = PBXGroup;
			children = (
				43C559B021C0D4B600C143B0 /* LCSmallVideos.swift */,
			);
			path = Model;
			sourceTree = "<group>";
		};
		43C559A121BF4F8000C143B0 /* View */ = {
			isa = PBXGroup;
			children = (
				43C559A721BF5A4A00C143B0 /* LCSmallVideoCell.swift */,
				43C559A821BF5A4A00C143B0 /* LCSmallVideoCell.xib */,
			);
			path = View;
			sourceTree = "<group>";
		};
		43C559A221BF4F8000C143B0 /* ViewController */ = {
			isa = PBXGroup;
			children = (
				43C559AB21BF667200C143B0 /* AnimationController.swift */,
				43C559A321BF4FA600C143B0 /* LCCollectionViewController.swift */,
				43C559A521BF508C00C143B0 /* LCSmallVideoViewController.swift */,
				43C559AD21BF66E700C143B0 /* LCSmallVideoPlayViewController.swift */,
			);
			path = ViewController;
			sourceTree = "<group>";
		};
		43DEA6CB21CC9020001A6149 /* PageView */ = {
			isa = PBXGroup;
			children = (
				43DEA6CC21CC9020001A6149 /* LCHomeTitleCell.swift */,
				43DEA6CD21CC9020001A6149 /* LCHomeTitleCell.xib */,
				43DEA6CE21CC9020001A6149 /* LCHomePageScrollView.swift */,
			);
			path = PageView;
			sourceTree = "<group>";
		};
		43DEA6CF21CC9020001A6149 /* AllTitleViews */ = {
			isa = PBXGroup;
			children = (
				43DEA6D721CC9020001A6149 /* LCTitleCell.swift */,
				43DEA6D121CC9020001A6149 /* LCTitleCell.xib */,
				43DEA6D421CC9020001A6149 /* LCAllTitleView.swift */,
				43DEA6D221CC9020001A6149 /* LCAllTitleView.xib */,
				43DEA6D021CC9020001A6149 /* LCTitleChannelCell.swift */,
				43DEA6D321CC9020001A6149 /* LCTitleChannelCell.xib */,
				43DEA6D521CC9020001A6149 /* LCSectionHeader.swift */,
				43DEA6D621CC9020001A6149 /* LCSectionHeader.xib */,
				439E732621CE684600D3B493 /* LCTitleFlowLayout.swift */,
			);
			path = AllTitleViews;
			sourceTree = "<group>";
		};
		43DEA6D821CC9020001A6149 /* FakeNavBar */ = {
			isa = PBXGroup;
			children = (
				43DEA6D921CC9020001A6149 /* LCFakeNavBar.xib */,
				43DEA6DA21CC9020001A6149 /* LCFakeNavBar.swift */,
			);
			path = FakeNavBar;
			sourceTree = "<group>";
		};
		43DEA6E821CC90A0001A6149 /* SearchViews */ = {
			isa = PBXGroup;
			children = (
				43DEA6E921CC90FD001A6149 /* LCKeyWordCell.swift */,
				43DEA6EA21CC90FD001A6149 /* LCKeyWordCell.xib */,
				43DEA6ED21CCA015001A6149 /* LCkeyWordHeader.swift */,
				43DEA6EE21CCA015001A6149 /* LCkeyWordHeader.xib */,
			);
			path = SearchViews;
			sourceTree = "<group>";
		};
		4C624F27C1FD4F74BD88A1E4 /* Frameworks */ = {
			isa = PBXGroup;
			children = (
				6D86AF4DAC1125117EF54439 /* Pods_LCTodayNews.framework */,
			);
			name = Frameworks;
			sourceTree = "<group>";
		};
		FF72EF0EF889370382FFF50A /* Pods */ = {
			isa = PBXGroup;
			children = (
				FF1528303C91EF61AD8F45B3 /* Pods-LCTodayNews.debug.xcconfig */,
				846FF45BBFFED82FA92FFD30 /* Pods-LCTodayNews.release.xcconfig */,
			);
			name = Pods;
			sourceTree = "<group>";
		};
/* End PBXGroup section */

/* Begin PBXNativeTarget section */
		432C2CE8217048EC0097A642 /* LCTodayNewsTests */ = {
			isa = PBXNativeTarget;
			buildConfigurationList = 432C2CF2217048EC0097A642 /* Build configuration list for PBXNativeTarget "LCTodayNewsTests" */;
			buildPhases = (
				432C2CE5217048EC0097A642 /* Sources */,
				432C2CE6217048EC0097A642 /* Frameworks */,
				432C2CE7217048EC0097A642 /* Resources */,
			);
			buildRules = (
			);
			dependencies = (
				432C2CEF217048EC0097A642 /* PBXTargetDependency */,
			);
			name = LCTodayNewsTests;
			productName = LCTodayNewsTests;
			productReference = 432C2CE9217048EC0097A642 /* LCTodayNewsTests.xctest */;
			productType = "com.apple.product-type.bundle.unit-test";
		};
		4349FD5021533B5100DDB94F /* LCTodayNews */ = {
			isa = PBXNativeTarget;
			buildConfigurationList = 4349FD6321533B5200DDB94F /* Build configuration list for PBXNativeTarget "LCTodayNews" */;
			buildPhases = (
				85EBBB06A5C66028E1CB872F /* [CP] Check Pods Manifest.lock */,
				4349FD4D21533B5100DDB94F /* Sources */,
				4349FD4E21533B5100DDB94F /* Frameworks */,
				4349FD4F21533B5100DDB94F /* Resources */,
				F2E84529193B45B28094E14E /* [CP] Embed Pods Frameworks */,
			);
			buildRules = (
			);
			dependencies = (
			);
			name = LCTodayNews;
			productName = LCTodayNews;
			productReference = 4349FD5121533B5100DDB94F /* LCTodayNews.app */;
			productType = "com.apple.product-type.application";
		};
/* End PBXNativeTarget section */

/* Begin PBXProject section */
		4349FD4921533B5100DDB94F /* Project object */ = {
			isa = PBXProject;
			attributes = {
				CLASSPREFIX = LC;
				LastSwiftUpdateCheck = 1000;
				LastUpgradeCheck = 0940;
				ORGANIZATIONNAME = "罗超";
				TargetAttributes = {
					432C2CE8217048EC0097A642 = {
						CreatedOnToolsVersion = 10.0;
						TestTargetID = 4349FD5021533B5100DDB94F;
					};
					4349FD5021533B5100DDB94F = {
						CreatedOnToolsVersion = 9.4.1;
						LastSwiftMigration = 1010;
					};
				};
			};
			buildConfigurationList = 4349FD4C21533B5100DDB94F /* Build configuration list for PBXProject "LCTodayNews" */;
			compatibilityVersion = "Xcode 9.3";
			developmentRegion = en;
			hasScannedForEncodings = 0;
			knownRegions = (
				en,
				Base,
			);
			mainGroup = 4349FD4821533B5100DDB94F;
			productRefGroup = 4349FD5221533B5100DDB94F /* Products */;
			projectDirPath = "";
			projectRoot = "";
			targets = (
				4349FD5021533B5100DDB94F /* LCTodayNews */,
				432C2CE8217048EC0097A642 /* LCTodayNewsTests */,
			);
		};
/* End PBXProject section */

/* Begin PBXResourcesBuildPhase section */
		432C2CE7217048EC0097A642 /* Resources */ = {
			isa = PBXResourcesBuildPhase;
			buildActionMask = 2147483647;
			files = (
			);
			runOnlyForDeploymentPostprocessing = 0;
		};
		4349FD4F21533B5100DDB94F /* Resources */ = {
			isa = PBXResourcesBuildPhase;
			buildActionMask = 2147483647;
			files = (
				435B20102156564100A2AB3B /* 首页-关注-长图-1图.png in Resources */,
				43DEA6E621CC9020001A6149 /* LCFakeNavBar.xib in Resources */,
				435B204F2156564100A2AB3B /* dongtai.md in Resources */,
				43C559AA21BF5A4A00C143B0 /* LCSmallVideoCell.xib in Resources */,
				4349FD5F21533B5200DDB94F /* LaunchScreen.storyboard in Resources */,
				435B203B2156564100A2AB3B /* mine-first-cell-2.png in Resources */,
				43AE433C21BE0D2900022B41 /* LCVideoCell.xib in Resources */,
				435B202B2156564100A2AB3B /* 首页-关注-一般-1图.png in Resources */,
				435B20382156564100A2AB3B /* wenda_dongtai.jpeg in Resources */,
				435B201C2156564100A2AB3B /* 首页-关注-GIF.png in Resources */,
				435B202E2156564100A2AB3B /* 首页-关注-一般-6图.png in Resources */,
				435B20372156564100A2AB3B /* wenda_category.jpeg in Resources */,
				435B202A2156564100A2AB3B /* 问答-一般-1大图.png in Resources */,
				435B20422156564100A2AB3B /* weitoutiao_8.png in Resources */,
				435B20362156564100A2AB3B /* 小视频.png in Resources */,
				43DEA6DC21CC9020001A6149 /* LCHomeTitleCell.xib in Resources */,
				435B200A2156564100A2AB3B /* user_detail_3_1.png in Resources */,
				435B20112156564100A2AB3B /* 首页-视频-1小图-2.png in Resources */,
				435B20432156564100A2AB3B /* weitoutiao_1.png in Resources */,
				43DEA6F421CCFB03001A6149 /* LCSendView.xib in Resources */,
				435B20152156564100A2AB3B /* 广告-首页-4.png in Resources */,
				435B20132156564100A2AB3B /* 首页-一般-3小图-2.png in Resources */,
				435B20222156564100A2AB3B /* home-nav-search.png in Resources */,
				4329D76C2259A0FD00BE1812 /* LCTextKitNewsCells.xib in Resources */,
				435B20242156564100A2AB3B /* 首页-直播-1.png in Resources */,
				435B20392156564100A2AB3B /* wenda_headline.jpeg in Resources */,
				435B200F2156564100A2AB3B /* 首页-视频-1小图-3.png in Resources */,
				435B20252156564100A2AB3B /* 首页-一般-4小图.png in Resources */,
				435B20042156564100A2AB3B /* user_detail_3_night_1.jpeg in Resources */,
				435B203E2156564100A2AB3B /* weitoutiao_12.png in Resources */,
				435B203C2156564100A2AB3B /* mine.png in Resources */,
				435B20442156564100A2AB3B /* weitoutiao_3.png in Resources */,
				435B201E2156564100A2AB3B /* 广告-首页-3.png in Resources */,
				435B20192156564100A2AB3B /* home-news-title.png in Resources */,
				435B20002156564100A2AB3B /* video.md in Resources */,
				436C7657216B8C6B0008D444 /* LCNewsCell.xib in Resources */,
				435B200C2156564100A2AB3B /* 问答-一般-3小图.png in Resources */,
				435B20072156564100A2AB3B /* user_detail_1.png in Resources */,
				435B204E2156564100A2AB3B /* user_detail.md in Resources */,
				435B20302156564100A2AB3B /* 首页明星也在用头条.png in Resources */,
				435B20462156564100A2AB3B /* weitoutiao_6.png in Resources */,
				435B20352156564100A2AB3B /* 广告-视频-1.png in Resources */,
				435B20312156564100A2AB3B /* video-1.jpeg in Resources */,
				435B203F2156564100A2AB3B /* weitoutiao_10.png in Resources */,
				435B200E2156564100A2AB3B /* 问答-一般-1小图.png in Resources */,
				435B202F2156564100A2AB3B /* 首页-关注-长图-3图.png in Resources */,
				435B201B2156564100A2AB3B /* 广告-首页-7.png in Resources */,
				435B20232156564100A2AB3B /* 首页-1大图.png in Resources */,
				435B20482156564100A2AB3B /* weitoutiao_5.png in Resources */,
				43DEA6E421CC9020001A6149 /* LCSectionHeader.xib in Resources */,
				435B20502156564100A2AB3B /* settings.json in Resources */,
				435B20342156564100A2AB3B /* 广告-视频-2.png in Resources */,
				43DEA6E021CC9020001A6149 /* LCAllTitleView.xib in Resources */,
				435B201F2156564100A2AB3B /* 广告-首页-2.png in Resources */,
				435B20142156564100A2AB3B /* 广告-首页-5.png in Resources */,
				435B1FFE2156564100A2AB3B /* dongtaiDetail.md in Resources */,
				435B20402156564100A2AB3B /* weitoutiao_11.png in Resources */,
				435B20162156564100A2AB3B /* 首页-娱乐-头部.png in Resources */,
				435B202C2156564100A2AB3B /* 首页-关注-无图.png in Resources */,
				4349FD5A21533B5100DDB94F /* Main.storyboard in Resources */,
				435B20282156564100A2AB3B /* 首页-视频-1大图.png in Resources */,
				435B20032156564100A2AB3B /* user_detail_5.png in Resources */,
				435B1FFF2156564100A2AB3B /* wenda.md in Resources */,
				435B20202156564100A2AB3B /* 首页-关注-一般-3图.png in Resources */,
				435B20082156564100A2AB3B /* user_detail_3_night.jpeg in Resources */,
				435B204A2156564100A2AB3B /* index.md in Resources */,
				435B203A2156564100A2AB3B /* mine-first-cell-1.png in Resources */,
				435B20092156564100A2AB3B /* user_detail_4.jpeg in Resources */,
				439A761D21D7152E003CE187 /* LCVideoPlayView.xib in Resources */,
				435B20452156564100A2AB3B /* weitoutiao_2.png in Resources */,
				435B20262156564100A2AB3B /* 首页-直播-2.png in Resources */,
				43DEA6E121CC9020001A6149 /* LCTitleChannelCell.xib in Resources */,
				435B200B2156564100A2AB3B /* user_detail_recommand.png in Resources */,
				43DEA6EC21CC90FD001A6149 /* LCKeyWordCell.xib in Resources */,
				435B201D2156564100A2AB3B /* 问答-视频-1大图.png in Resources */,
				435B203D2156564100A2AB3B /* mine-other-cell.png in Resources */,
				435B20212156564100A2AB3B /* 广告-首页-1.png in Resources */,
				435B201A2156564100A2AB3B /* 广告-首页-6.png in Resources */,
				435B20292156564100A2AB3B /* 首页-关注-视频-1小图.png in Resources */,
				43DEA6F021CCA015001A6149 /* LCkeyWordHeader.xib in Resources */,
				435B20492156564100A2AB3B /* weitoutiao_4.png in Resources */,
				43DEA6F621CD014A001A6149 /* Assets.xcassets in Resources */,
				435B200D2156564100A2AB3B /* 首页-无图.png in Resources */,
				435B20172156564100A2AB3B /* 首页-段子.png in Resources */,
				435B20332156564100A2AB3B /* 视频-2.png in Resources */,
				435B20022156564100A2AB3B /* home.md in Resources */,
				435B20122156564100A2AB3B /* 首页-视频-1小图-1.png in Resources */,
				435B1FFD2156564100A2AB3B /* mkdocs.yml in Resources */,
				435B20052156564100A2AB3B /* user_detail_2.png in Resources */,
				435B202D2156564100A2AB3B /* 首页-一般-1小图.png in Resources */,
				435B20182156564100A2AB3B /* 首页-一般-3小图-1.png in Resources */,
				435B204C2156564100A2AB3B /* mine.md in Resources */,
				435B20062156564100A2AB3B /* user_detail_3.png in Resources */,
				435B20322156564100A2AB3B /* 视频-1.png in Resources */,
				435B204D2156564100A2AB3B /* weitoutiao.md in Resources */,
				435B20412156564100A2AB3B /* weitoutiao_9.png in Resources */,
				435B204B2156564100A2AB3B /* theme.md in Resources */,
				435B20472156564100A2AB3B /* weitoutiao_7.png in Resources */,
				43DEA6DF21CC9020001A6149 /* LCTitleCell.xib in Resources */,
				435B20272156564100A2AB3B /* 首页-一般-10小图.png in Resources */,
				435B20012156564100A2AB3B /* huoshan.md in Resources */,
			);
			runOnlyForDeploymentPostprocessing = 0;
		};
/* End PBXResourcesBuildPhase section */

/* Begin PBXShellScriptBuildPhase section */
		85EBBB06A5C66028E1CB872F /* [CP] Check Pods Manifest.lock */ = {
			isa = PBXShellScriptBuildPhase;
			buildActionMask = 2147483647;
			files = (
			);
			inputPaths = (
				"${PODS_PODFILE_DIR_PATH}/Podfile.lock",
				"${PODS_ROOT}/Manifest.lock",
			);
			name = "[CP] Check Pods Manifest.lock";
			outputPaths = (
				"$(DERIVED_FILE_DIR)/Pods-LCTodayNews-checkManifestLockResult.txt",
			);
			runOnlyForDeploymentPostprocessing = 0;
			shellPath = /bin/sh;
			shellScript = "diff \"${PODS_PODFILE_DIR_PATH}/Podfile.lock\" \"${PODS_ROOT}/Manifest.lock\" > /dev/null\nif [ $? != 0 ] ; then\n    # print error to STDERR\n    echo \"error: The sandbox is not in sync with the Podfile.lock. Run 'pod install' or update your CocoaPods installation.\" >&2\n    exit 1\nfi\n# This output is used by Xcode 'outputs' to avoid re-running this script phase.\necho \"SUCCESS\" > \"${SCRIPT_OUTPUT_FILE_0}\"\n";
			showEnvVarsInLog = 0;
		};
		F2E84529193B45B28094E14E /* [CP] Embed Pods Frameworks */ = {
			isa = PBXShellScriptBuildPhase;
			buildActionMask = 2147483647;
			files = (
			);
			inputPaths = (
				"${SRCROOT}/Pods/Target Support Files/Pods-LCTodayNews/Pods-LCTodayNews-frameworks.sh",
				"${BUILT_PRODUCTS_DIR}/Alamofire/Alamofire.framework",
				"${BUILT_PRODUCTS_DIR}/CryptoSwift/CryptoSwift.framework",
				"${BUILT_PRODUCTS_DIR}/Kingfisher/Kingfisher.framework",
				"${BUILT_PRODUCTS_DIR}/MJRefresh/MJRefresh.framework",
				"${BUILT_PRODUCTS_DIR}/Moya/Moya.framework",
				"${BUILT_PRODUCTS_DIR}/Nocilla/Nocilla.framework",
				"${BUILT_PRODUCTS_DIR}/PromiseKit/PromiseKit.framework",
				"${BUILT_PRODUCTS_DIR}/Result/Result.framework",
				"${BUILT_PRODUCTS_DIR}/RxCocoa/RxCocoa.framework",
				"${BUILT_PRODUCTS_DIR}/RxSwift/RxSwift.framework",
				"${BUILT_PRODUCTS_DIR}/SnapKit/SnapKit.framework",
				"${BUILT_PRODUCTS_DIR}/Spring/Spring.framework",
				"${BUILT_PRODUCTS_DIR}/SwiftyJSON/SwiftyJSON.framework",
				"${BUILT_PRODUCTS_DIR}/Yoga/yoga.framework",
				"${BUILT_PRODUCTS_DIR}/YogaKit/YogaKit.framework",
			);
			name = "[CP] Embed Pods Frameworks";
			outputPaths = (
				"${TARGET_BUILD_DIR}/${FRAMEWORKS_FOLDER_PATH}/Alamofire.framework",
				"${TARGET_BUILD_DIR}/${FRAMEWORKS_FOLDER_PATH}/CryptoSwift.framework",
				"${TARGET_BUILD_DIR}/${FRAMEWORKS_FOLDER_PATH}/Kingfisher.framework",
				"${TARGET_BUILD_DIR}/${FRAMEWORKS_FOLDER_PATH}/MJRefresh.framework",
				"${TARGET_BUILD_DIR}/${FRAMEWORKS_FOLDER_PATH}/Moya.framework",
				"${TARGET_BUILD_DIR}/${FRAMEWORKS_FOLDER_PATH}/Nocilla.framework",
				"${TARGET_BUILD_DIR}/${FRAMEWORKS_FOLDER_PATH}/PromiseKit.framework",
				"${TARGET_BUILD_DIR}/${FRAMEWORKS_FOLDER_PATH}/Result.framework",
				"${TARGET_BUILD_DIR}/${FRAMEWORKS_FOLDER_PATH}/RxCocoa.framework",
				"${TARGET_BUILD_DIR}/${FRAMEWORKS_FOLDER_PATH}/RxSwift.framework",
				"${TARGET_BUILD_DIR}/${FRAMEWORKS_FOLDER_PATH}/SnapKit.framework",
				"${TARGET_BUILD_DIR}/${FRAMEWORKS_FOLDER_PATH}/Spring.framework",
				"${TARGET_BUILD_DIR}/${FRAMEWORKS_FOLDER_PATH}/SwiftyJSON.framework",
				"${TARGET_BUILD_DIR}/${FRAMEWORKS_FOLDER_PATH}/yoga.framework",
				"${TARGET_BUILD_DIR}/${FRAMEWORKS_FOLDER_PATH}/YogaKit.framework",
			);
			runOnlyForDeploymentPostprocessing = 0;
			shellPath = /bin/sh;
			shellScript = "\"${SRCROOT}/Pods/Target Support Files/Pods-LCTodayNews/Pods-LCTodayNews-frameworks.sh\"\n";
			showEnvVarsInLog = 0;
		};
/* End PBXShellScriptBuildPhase section */

/* Begin PBXSourcesBuildPhase section */
		432C2CE5217048EC0097A642 /* Sources */ = {
			isa = PBXSourcesBuildPhase;
			buildActionMask = 2147483647;
			files = (
				432C2CEC217048EC0097A642 /* LCTodayNewsTests.swift in Sources */,
			);
			runOnlyForDeploymentPostprocessing = 0;
		};
		4349FD4D21533B5100DDB94F /* Sources */ = {
			isa = PBXSourcesBuildPhase;
			buildActionMask = 2147483647;
			files = (
				43DEA6EF21CCA015001A6149 /* LCkeyWordHeader.swift in Sources */,
				43DEA6E721CC9020001A6149 /* LCFakeNavBar.swift in Sources */,
				436C7656216B8C6B0008D444 /* LCNewsCell.swift in Sources */,
				43DEA6CA21CB6B80001A6149 /* LCHomeViewController.swift in Sources */,
				43924F63215F832500ACFD15 /* LCNavigationController.swift in Sources */,
				43DEA72121CD1EE9001A6149 /* LCLoadingView.swift in Sources */,
				43AE433B21BE0D2900022B41 /* LCVideoCell.swift in Sources */,
				43C559AE21BF66E700C143B0 /* LCSmallVideoPlayViewController.swift in Sources */,
				43C559A921BF5A4A00C143B0 /* LCSmallVideoCell.swift in Sources */,
				439A75ED21D67317003CE187 /* LCScaleImageButton.swift in Sources */,
				435B1F8D2154785300A2AB3B /* LCTableViewController.swift in Sources */,
				4321AA9B21BE5E73009542F3 /* LCPlayView.swift in Sources */,
				435B1F9B2155CC9000A2AB3B /* LCServerTool.swift in Sources */,
				43C559A621BF508C00C143B0 /* LCSmallVideoViewController.swift in Sources */,
				431CB15C21D888A900A163F2 /* LCTimeSlider.swift in Sources */,
				4321AA9321BE24ED009542F3 /* LCVideoViewController.swift in Sources */,
				43DEA6EB21CC90FD001A6149 /* LCKeyWordCell.swift in Sources */,
				43DEA6C521C8EB63001A6149 /* LCNavBarAnimation.swift in Sources */,
				435B1F8F215479BB00A2AB3B /* LCRefresh.swift in Sources */,
				43015197215E05A200D3F5E6 /* LCHomeSearchInfo.swift in Sources */,
				43015199215E28BB00D3F5E6 /* LCHomeNews.swift in Sources */,
				43DEA6DB21CC9020001A6149 /* LCHomeTitleCell.swift in Sources */,
				43DEA6E221CC9020001A6149 /* LCAllTitleView.swift in Sources */,
				436C7653216B6A020008D444 /* LCTableViewRefresh.swift in Sources */,
				435B1F99215516F100A2AB3B /* LCService.swift in Sources */,
				43DEA6C821CB3F43001A6149 /* LCPageViewController.swift in Sources */,
				43C559A421BF4FA600C143B0 /* LCCollectionViewController.swift in Sources */,
				4329D76B2259A0FD00BE1812 /* LCTextKitNewsCells.swift in Sources */,
				436C7651216B51E40008D444 /* FuckCrash.swift in Sources */,
				43DEA69021C7F230001A6149 /* LCSearchResultsViewController.swift in Sources */,
				435B1F9221548E3700A2AB3B /* LCDataSource.swift in Sources */,
				43DEA6F221CCFAF1001A6149 /* LCSendView.swift in Sources */,
				43DEA6E321CC9020001A6149 /* LCSectionHeader.swift in Sources */,
				435B1F8321534DB600A2AB3B /* LCTabBarController.swift in Sources */,
				4321AA9721BE51D7009542F3 /* LCVideoTableViewController.swift in Sources */,
				43C559AC21BF667200C143B0 /* AnimationController.swift in Sources */,
				435B1F8B2153D0C700A2AB3B /* UIKit+Extension.swift in Sources */,
				4349FD5521533B5100DDB94F /* AppDelegate.swift in Sources */,
				43DEA6DD21CC9020001A6149 /* LCHomePageScrollView.swift in Sources */,
				435B1F96215502C900A2AB3B /* LCHomeNewsTitle.swift in Sources */,
				435B1F9D215646E300A2AB3B /* Const.swift in Sources */,
				4329D792225C347200BE1812 /* UIView+Yoga.swift in Sources */,
				439A761B21D7150A003CE187 /* LCVideoPlayView.swift in Sources */,
				4321AA9D21BE5FFC009542F3 /* LCShadeView.swift in Sources */,
				43DEA6DE21CC9020001A6149 /* LCTitleChannelCell.swift in Sources */,
				4321AA9921BE5690009542F3 /* LCVideoTitleData.swift in Sources */,
				43C559B121C0D4B600C143B0 /* LCSmallVideos.swift in Sources */,
				43DEA6E521CC9020001A6149 /* LCTitleCell.swift in Sources */,
				436C7659216B9F4D0008D444 /* LCHomeNewsController.swift in Sources */,
				43C5599E21BEACF400C143B0 /* LCVideoInfo.swift in Sources */,
				439E732721CE684600D3B493 /* LCTitleFlowLayout.swift in Sources */,
			);
			runOnlyForDeploymentPostprocessing = 0;
		};
/* End PBXSourcesBuildPhase section */

/* Begin PBXTargetDependency section */
		432C2CEF217048EC0097A642 /* PBXTargetDependency */ = {
			isa = PBXTargetDependency;
			target = 4349FD5021533B5100DDB94F /* LCTodayNews */;
			targetProxy = 432C2CEE217048EC0097A642 /* PBXContainerItemProxy */;
		};
/* End PBXTargetDependency section */

/* Begin PBXVariantGroup section */
		4349FD5821533B5100DDB94F /* Main.storyboard */ = {
			isa = PBXVariantGroup;
			children = (
				4349FD5921533B5100DDB94F /* Base */,
			);
			name = Main.storyboard;
			sourceTree = "<group>";
		};
		4349FD5D21533B5200DDB94F /* LaunchScreen.storyboard */ = {
			isa = PBXVariantGroup;
			children = (
				4349FD5E21533B5200DDB94F /* Base */,
			);
			name = LaunchScreen.storyboard;
			sourceTree = "<group>";
		};
/* End PBXVariantGroup section */

/* Begin XCBuildConfiguration section */
		432C2CF0217048EC0097A642 /* Debug */ = {
			isa = XCBuildConfiguration;
			buildSettings = {
				BUNDLE_LOADER = "$(TEST_HOST)";
				CODE_SIGN_STYLE = Automatic;
				INFOPLIST_FILE = LCTodayNewsTests/Info.plist;
				IPHONEOS_DEPLOYMENT_TARGET = 12.0;
				LD_RUNPATH_SEARCH_PATHS = (
					"$(inherited)",
					"@executable_path/Frameworks",
					"@loader_path/Frameworks",
				);
				MTL_ENABLE_DEBUG_INFO = INCLUDE_SOURCE;
				MTL_FAST_MATH = YES;
				PRODUCT_BUNDLE_IDENTIFIER = lc.LCTodayNewsTests;
				PRODUCT_NAME = "$(TARGET_NAME)";
				SWIFT_VERSION = 4.2;
				TARGETED_DEVICE_FAMILY = "1,2";
				TEST_HOST = "$(BUILT_PRODUCTS_DIR)/LCTodayNews.app/LCTodayNews";
			};
			name = Debug;
		};
		432C2CF1217048EC0097A642 /* Release */ = {
			isa = XCBuildConfiguration;
			buildSettings = {
				BUNDLE_LOADER = "$(TEST_HOST)";
				CODE_SIGN_STYLE = Automatic;
				INFOPLIST_FILE = LCTodayNewsTests/Info.plist;
				IPHONEOS_DEPLOYMENT_TARGET = 12.0;
				LD_RUNPATH_SEARCH_PATHS = (
					"$(inherited)",
					"@executable_path/Frameworks",
					"@loader_path/Frameworks",
				);
				MTL_FAST_MATH = YES;
				PRODUCT_BUNDLE_IDENTIFIER = lc.LCTodayNewsTests;
				PRODUCT_NAME = "$(TARGET_NAME)";
				SWIFT_VERSION = 4.2;
				TARGETED_DEVICE_FAMILY = "1,2";
				TEST_HOST = "$(BUILT_PRODUCTS_DIR)/LCTodayNews.app/LCTodayNews";
			};
			name = Release;
		};
		4349FD6121533B5200DDB94F /* Debug */ = {
			isa = XCBuildConfiguration;
			buildSettings = {
				ALWAYS_SEARCH_USER_PATHS = NO;
				CLANG_ANALYZER_NONNULL = YES;
				CLANG_ANALYZER_NUMBER_OBJECT_CONVERSION = YES_AGGRESSIVE;
				CLANG_CXX_LANGUAGE_STANDARD = "gnu++14";
				CLANG_CXX_LIBRARY = "libc++";
				CLANG_ENABLE_MODULES = YES;
				CLANG_ENABLE_OBJC_ARC = YES;
				CLANG_ENABLE_OBJC_WEAK = YES;
				CLANG_WARN_BLOCK_CAPTURE_AUTORELEASING = YES;
				CLANG_WARN_BOOL_CONVERSION = YES;
				CLANG_WARN_COMMA = YES;
				CLANG_WARN_CONSTANT_CONVERSION = YES;
				CLANG_WARN_DEPRECATED_OBJC_IMPLEMENTATIONS = YES;
				CLANG_WARN_DIRECT_OBJC_ISA_USAGE = YES_ERROR;
				CLANG_WARN_DOCUMENTATION_COMMENTS = YES;
				CLANG_WARN_EMPTY_BODY = YES;
				CLANG_WARN_ENUM_CONVERSION = YES;
				CLANG_WARN_INFINITE_RECURSION = YES;
				CLANG_WARN_INT_CONVERSION = YES;
				CLANG_WARN_NON_LITERAL_NULL_CONVERSION = YES;
				CLANG_WARN_OBJC_IMPLICIT_RETAIN_SELF = YES;
				CLANG_WARN_OBJC_LITERAL_CONVERSION = YES;
				CLANG_WARN_OBJC_ROOT_CLASS = YES_ERROR;
				CLANG_WARN_RANGE_LOOP_ANALYSIS = YES;
				CLANG_WARN_STRICT_PROTOTYPES = YES;
				CLANG_WARN_SUSPICIOUS_MOVE = YES;
				CLANG_WARN_UNGUARDED_AVAILABILITY = YES_AGGRESSIVE;
				CLANG_WARN_UNREACHABLE_CODE = YES;
				CLANG_WARN__DUPLICATE_METHOD_MATCH = YES;
				CODE_SIGN_IDENTITY = "iPhone Developer";
				COPY_PHASE_STRIP = NO;
				DEBUG_INFORMATION_FORMAT = dwarf;
				ENABLE_STRICT_OBJC_MSGSEND = YES;
				ENABLE_TESTABILITY = YES;
				GCC_C_LANGUAGE_STANDARD = gnu11;
				GCC_DYNAMIC_NO_PIC = NO;
				GCC_NO_COMMON_BLOCKS = YES;
				GCC_OPTIMIZATION_LEVEL = 0;
				GCC_PREPROCESSOR_DEFINITIONS = (
					"DEBUG=1",
					"$(inherited)",
				);
				GCC_WARN_64_TO_32_BIT_CONVERSION = YES;
				GCC_WARN_ABOUT_RETURN_TYPE = YES_ERROR;
				GCC_WARN_UNDECLARED_SELECTOR = YES;
				GCC_WARN_UNINITIALIZED_AUTOS = YES_AGGRESSIVE;
				GCC_WARN_UNUSED_FUNCTION = YES;
				GCC_WARN_UNUSED_VARIABLE = YES;
				IPHONEOS_DEPLOYMENT_TARGET = 11.4;
				MTL_ENABLE_DEBUG_INFO = YES;
				ONLY_ACTIVE_ARCH = YES;
				SDKROOT = iphoneos;
				SWIFT_ACTIVE_COMPILATION_CONDITIONS = DEBUG;
				SWIFT_OPTIMIZATION_LEVEL = "-Onone";
			};
			name = Debug;
		};
		4349FD6221533B5200DDB94F /* Release */ = {
			isa = XCBuildConfiguration;
			buildSettings = {
				ALWAYS_SEARCH_USER_PATHS = NO;
				CLANG_ANALYZER_NONNULL = YES;
				CLANG_ANALYZER_NUMBER_OBJECT_CONVERSION = YES_AGGRESSIVE;
				CLANG_CXX_LANGUAGE_STANDARD = "gnu++14";
				CLANG_CXX_LIBRARY = "libc++";
				CLANG_ENABLE_MODULES = YES;
				CLANG_ENABLE_OBJC_ARC = YES;
				CLANG_ENABLE_OBJC_WEAK = YES;
				CLANG_WARN_BLOCK_CAPTURE_AUTORELEASING = YES;
				CLANG_WARN_BOOL_CONVERSION = YES;
				CLANG_WARN_COMMA = YES;
				CLANG_WARN_CONSTANT_CONVERSION = YES;
				CLANG_WARN_DEPRECATED_OBJC_IMPLEMENTATIONS = YES;
				CLANG_WARN_DIRECT_OBJC_ISA_USAGE = YES_ERROR;
				CLANG_WARN_DOCUMENTATION_COMMENTS = YES;
				CLANG_WARN_EMPTY_BODY = YES;
				CLANG_WARN_ENUM_CONVERSION = YES;
				CLANG_WARN_INFINITE_RECURSION = YES;
				CLANG_WARN_INT_CONVERSION = YES;
				CLANG_WARN_NON_LITERAL_NULL_CONVERSION = YES;
				CLANG_WARN_OBJC_IMPLICIT_RETAIN_SELF = YES;
				CLANG_WARN_OBJC_LITERAL_CONVERSION = YES;
				CLANG_WARN_OBJC_ROOT_CLASS = YES_ERROR;
				CLANG_WARN_RANGE_LOOP_ANALYSIS = YES;
				CLANG_WARN_STRICT_PROTOTYPES = YES;
				CLANG_WARN_SUSPICIOUS_MOVE = YES;
				CLANG_WARN_UNGUARDED_AVAILABILITY = YES_AGGRESSIVE;
				CLANG_WARN_UNREACHABLE_CODE = YES;
				CLANG_WARN__DUPLICATE_METHOD_MATCH = YES;
				CODE_SIGN_IDENTITY = "iPhone Developer";
				COPY_PHASE_STRIP = NO;
				DEBUG_INFORMATION_FORMAT = "dwarf-with-dsym";
				ENABLE_NS_ASSERTIONS = NO;
				ENABLE_STRICT_OBJC_MSGSEND = YES;
				GCC_C_LANGUAGE_STANDARD = gnu11;
				GCC_NO_COMMON_BLOCKS = YES;
				GCC_WARN_64_TO_32_BIT_CONVERSION = YES;
				GCC_WARN_ABOUT_RETURN_TYPE = YES_ERROR;
				GCC_WARN_UNDECLARED_SELECTOR = YES;
				GCC_WARN_UNINITIALIZED_AUTOS = YES_AGGRESSIVE;
				GCC_WARN_UNUSED_FUNCTION = YES;
				GCC_WARN_UNUSED_VARIABLE = YES;
				IPHONEOS_DEPLOYMENT_TARGET = 11.4;
				MTL_ENABLE_DEBUG_INFO = NO;
				SDKROOT = iphoneos;
				SWIFT_COMPILATION_MODE = wholemodule;
				SWIFT_OPTIMIZATION_LEVEL = "-O";
				VALIDATE_PRODUCT = YES;
			};
			name = Release;
		};
		4349FD6421533B5200DDB94F /* Debug */ = {
			isa = XCBuildConfiguration;
			baseConfigurationReference = FF1528303C91EF61AD8F45B3 /* Pods-LCTodayNews.debug.xcconfig */;
			buildSettings = {
				ASSETCATALOG_COMPILER_APPICON_NAME = AppIcon;
				ASSETCATALOG_COMPILER_LAUNCHIMAGE_NAME = LaunchImage;
				CLANG_ENABLE_MODULES = YES;
				CODE_SIGN_IDENTITY = "iPhone Developer";
				CODE_SIGN_STYLE = Automatic;
				DEVELOPMENT_TEAM = WCN73JC9RP;
				INFOPLIST_FILE = LCTodayNews/Info.plist;
				IPHONEOS_DEPLOYMENT_TARGET = 10.0;
				LD_RUNPATH_SEARCH_PATHS = (
					"$(inherited)",
					"@executable_path/Frameworks",
				);
				PRODUCT_BUNDLE_IDENTIFIER = lc.LCTodayNews;
				PRODUCT_NAME = "$(TARGET_NAME)";
				PROVISIONING_PROFILE_SPECIFIER = "";
				SWIFT_ENABLE_BATCH_MODE = NO;
				SWIFT_OBJC_BRIDGING_HEADER = "";
				SWIFT_OPTIMIZATION_LEVEL = "-Onone";
				SWIFT_VERSION = 4.0;
				TARGETED_DEVICE_FAMILY = "1,2";
			};
			name = Debug;
		};
		4349FD6521533B5200DDB94F /* Release */ = {
			isa = XCBuildConfiguration;
			baseConfigurationReference = 846FF45BBFFED82FA92FFD30 /* Pods-LCTodayNews.release.xcconfig */;
			buildSettings = {
				ASSETCATALOG_COMPILER_APPICON_NAME = AppIcon;
				ASSETCATALOG_COMPILER_LAUNCHIMAGE_NAME = LaunchImage;
				CLANG_ENABLE_MODULES = YES;
				CODE_SIGN_IDENTITY = "iPhone Developer";
				CODE_SIGN_STYLE = Automatic;
				DEVELOPMENT_TEAM = WCN73JC9RP;
				INFOPLIST_FILE = LCTodayNews/Info.plist;
				IPHONEOS_DEPLOYMENT_TARGET = 10.0;
				LD_RUNPATH_SEARCH_PATHS = (
					"$(inherited)",
					"@executable_path/Frameworks",
				);
				PRODUCT_BUNDLE_IDENTIFIER = lc.LCTodayNews;
				PRODUCT_NAME = "$(TARGET_NAME)";
				PROVISIONING_PROFILE_SPECIFIER = "";
				SWIFT_ENABLE_BATCH_MODE = NO;
				SWIFT_OBJC_BRIDGING_HEADER = "";
				SWIFT_VERSION = 4.0;
				TARGETED_DEVICE_FAMILY = "1,2";
			};
			name = Release;
		};
/* End XCBuildConfiguration section */

/* Begin XCConfigurationList section */
		432C2CF2217048EC0097A642 /* Build configuration list for PBXNativeTarget "LCTodayNewsTests" */ = {
			isa = XCConfigurationList;
			buildConfigurations = (
				432C2CF0217048EC0097A642 /* Debug */,
				432C2CF1217048EC0097A642 /* Release */,
			);
			defaultConfigurationIsVisible = 0;
			defaultConfigurationName = Release;
		};
		4349FD4C21533B5100DDB94F /* Build configuration list for PBXProject "LCTodayNews" */ = {
			isa = XCConfigurationList;
			buildConfigurations = (
				4349FD6121533B5200DDB94F /* Debug */,
				4349FD6221533B5200DDB94F /* Release */,
			);
			defaultConfigurationIsVisible = 0;
			defaultConfigurationName = Release;
		};
		4349FD6321533B5200DDB94F /* Build configuration list for PBXNativeTarget "LCTodayNews" */ = {
			isa = XCConfigurationList;
			buildConfigurations = (
				4349FD6421533B5200DDB94F /* Debug */,
				4349FD6521533B5200DDB94F /* Release */,
			);
			defaultConfigurationIsVisible = 0;
			defaultConfigurationName = Release;
		};
/* End XCConfigurationList section */
	};
	rootObject = 4349FD4921533B5100DDB94F /* Project object */;
}
